<?xml version="1.0" encoding="utf-8"?>
<Project ToolsVersion="15.0" xmlns="http://schemas.microsoft.com/developer/msbuild/2003">
  <ItemGroup>
    <Filter Include="Resource Files">
      <UniqueIdentifier>{67DA6AB6-F800-4c08-8B7A-83BB121AAD01}</UniqueIdentifier>
      <Extensions>rc;ico;cur;bmp;dlg;rc2;rct;bin;rgs;gif;jpg;jpeg;jpe;resx;tga;tiff;tif;png;wav;mfcribbon-ms</Extensions>
    </Filter>
    <Filter Include="Header">
      <UniqueIdentifier>{d1b8fae1-74b9-4a41-808b-e8d8428d63bc}</UniqueIdentifier>
    </Filter>
    <Filter Include="Source">
      <UniqueIdentifier>{ac0639dd-9f7f-4d05-8cbf-15c6fee5d775}</UniqueIdentifier>
    </Filter>
    <Filter Include="include">
      <UniqueIdentifier>{6cbbefde-afcc-4aa4-8dfb-75eadf9098cb}</UniqueIdentifier>
    </Filter>
    <Filter Include="include\opencv2">
      <UniqueIdentifier>{db11c435-01ca-4355-ac2d-e368cf3edf59}</UniqueIdentifier>
    </Filter>
    <Filter Include="include\opencv2\core">
      <UniqueIdentifier>{ac39ebe3-69c5-48f9-a934-bc75f14e056e}</UniqueIdentifier>
    </Filter>
    <Filter Include="include\opencv">
      <UniqueIdentifier>{d3552b03-5dd4-47aa-b35c-7f8f6e0c958a}</UniqueIdentifier>
    </Filter>
    <Filter Include="include\opencv2\xphoto">
      <UniqueIdentifier>{59219d41-0ce4-408d-9519-03228eee74b0}</UniqueIdentifier>
    </Filter>
    <Filter Include="include\opencv2\ximgproc">
      <UniqueIdentifier>{506e0ac3-eb97-48f7-81d1-c17bf323c277}</UniqueIdentifier>
    </Filter>
    <Filter Include="include\opencv2\xfeatures2d">
      <UniqueIdentifier>{6ac91dd8-ba74-4466-8fd0-7c2f42e5ec2b}</UniqueIdentifier>
    </Filter>
    <Filter Include="include\opencv2\video">
      <UniqueIdentifier>{4739f06b-82f2-4be8-8907-16a5b0cb13d3}</UniqueIdentifier>
    </Filter>
    <Filter Include="include\opencv2\videostab">
      <UniqueIdentifier>{f67fb157-a1cd-4ceb-802c-71511651f29e}</UniqueIdentifier>
    </Filter>
    <Filter Include="include\opencv2\videoio">
      <UniqueIdentifier>{60a2d8aa-4495-4b60-91b9-e284deb867bd}</UniqueIdentifier>
    </Filter>
    <Filter Include="include\opencv2\tracking">
      <UniqueIdentifier>{d8cebde1-86fe-4ff0-a0f3-8fcf6f963108}</UniqueIdentifier>
    </Filter>
    <Filter Include="include\opencv2\text">
      <UniqueIdentifier>{dff7809c-1a90-4ffc-b4f5-f52d4c6f1180}</UniqueIdentifier>
    </Filter>
    <Filter Include="include\opencv2\surface_matching">
      <UniqueIdentifier>{29f30f3f-8886-4708-9324-96dbbd1f0132}</UniqueIdentifier>
    </Filter>
    <Filter Include="include\opencv2\structured_light">
      <UniqueIdentifier>{1625579a-9256-4445-9c11-2a7af2642bbd}</UniqueIdentifier>
    </Filter>
    <Filter Include="include\opencv2\stitching">
      <UniqueIdentifier>{6ff29cae-5114-4f46-bc2e-aae089451a8d}</UniqueIdentifier>
    </Filter>
    <Filter Include="include\opencv2\stitching\detail">
      <UniqueIdentifier>{a62c3b30-6fb6-45ca-b0c0-5143446e9f5c}</UniqueIdentifier>
    </Filter>
    <Filter Include="include\opencv2\stereo">
      <UniqueIdentifier>{919802e3-cd83-4bd3-b06e-0b5b67c19f62}</UniqueIdentifier>
    </Filter>
    <Filter Include="include\opencv2\shape">
      <UniqueIdentifier>{096d899b-a819-4ac6-992e-4206a5d8b2ea}</UniqueIdentifier>
    </Filter>
    <Filter Include="include\opencv2\saliency">
      <UniqueIdentifier>{4b28c4a8-5026-4d26-93c6-c567372ff195}</UniqueIdentifier>
    </Filter>
    <Filter Include="include\opencv2\rgbd">
      <UniqueIdentifier>{5d0aaadb-f3c1-4c3e-89f5-171fd3bd723f}</UniqueIdentifier>
    </Filter>
    <Filter Include="include\opencv2\reg">
      <UniqueIdentifier>{c7627ece-2f12-4a08-a316-5a202f519c49}</UniqueIdentifier>
    </Filter>
    <Filter Include="include\opencv2\photo">
      <UniqueIdentifier>{ea0a4d55-4457-4701-b595-a259b85bfafe}</UniqueIdentifier>
    </Filter>
    <Filter Include="include\opencv2\phase_unwrapping">
      <UniqueIdentifier>{6544f7ce-d221-47a8-bd0b-e6187bef5ec5}</UniqueIdentifier>
    </Filter>
    <Filter Include="include\opencv2\optflow">
      <UniqueIdentifier>{12ef908d-a84a-4af1-b0fa-51028b421507}</UniqueIdentifier>
    </Filter>
    <Filter Include="include\opencv2\objdetect">
      <UniqueIdentifier>{08fc9fb5-be2d-4696-97ae-c70b2619d2dd}</UniqueIdentifier>
    </Filter>
    <Filter Include="include\opencv2\ml">
      <UniqueIdentifier>{e012a81d-7808-484d-8f57-d0ab38e82dd3}</UniqueIdentifier>
    </Filter>
    <Filter Include="include\opencv2\line_descriptor">
      <UniqueIdentifier>{ce1169d1-c373-410b-8b9b-ed629082b61c}</UniqueIdentifier>
    </Filter>
    <Filter Include="include\opencv2\imgproc">
      <UniqueIdentifier>{86045c1b-2081-4ac5-a73c-2a81ffd3201c}</UniqueIdentifier>
    </Filter>
    <Filter Include="include\opencv2\imgproc\hal">
      <UniqueIdentifier>{ddd80ae9-2a3c-40b0-aad5-0854a99ee3ab}</UniqueIdentifier>
    </Filter>
    <Filter Include="include\opencv2\imgproc\detail">
      <UniqueIdentifier>{6367442a-3b3d-4461-984c-3093b1cffec9}</UniqueIdentifier>
    </Filter>
    <Filter Include="include\opencv2\imgcodecs">
      <UniqueIdentifier>{18842d71-a9f9-40df-bcc6-7b88bbfbbd46}</UniqueIdentifier>
    </Filter>
    <Filter Include="include\opencv2\highgui">
      <UniqueIdentifier>{e0ceebc5-5c04-4a2d-b882-faf33df27490}</UniqueIdentifier>
    </Filter>
    <Filter Include="include\opencv2\fuzzy">
      <UniqueIdentifier>{0d44660e-1703-4aae-b177-b9180fe9c445}</UniqueIdentifier>
    </Filter>
    <Filter Include="include\opencv2\flann">
      <UniqueIdentifier>{3eaa1999-5647-46f0-a68b-053239872cce}</UniqueIdentifier>
    </Filter>
    <Filter Include="include\opencv2\features2d">
      <UniqueIdentifier>{0e29480e-8c65-45d5-85a2-81d79c4cdafb}</UniqueIdentifier>
    </Filter>
    <Filter Include="include\opencv2\face">
      <UniqueIdentifier>{c6fcb64e-4b87-4a34-9b57-fa90b5ad85fb}</UniqueIdentifier>
    </Filter>
    <Filter Include="include\opencv2\datasets">
      <UniqueIdentifier>{cb44b61b-3265-49bf-931a-712a0476e1d5}</UniqueIdentifier>
    </Filter>
    <Filter Include="include\opencv2\core\hal">
      <UniqueIdentifier>{2ae64e5c-6bcc-4651-9d3c-cbac80246505}</UniqueIdentifier>
    </Filter>
    <Filter Include="include\opencv2\core\cuda">
      <UniqueIdentifier>{084851f6-c3ba-4e2c-9255-785454828c1b}</UniqueIdentifier>
    </Filter>
    <Filter Include="include\opencv2\core\cuda\detail">
      <UniqueIdentifier>{263933f4-8f29-4565-b5fd-fab4b4e8bd8c}</UniqueIdentifier>
    </Filter>
    <Filter Include="include\opencv2\ccalib">
      <UniqueIdentifier>{25223e39-704c-40af-b5a0-b5c910cf65a3}</UniqueIdentifier>
    </Filter>
    <Filter Include="include\opencv2\calib3d">
      <UniqueIdentifier>{d407e3bd-ef3f-4b0f-9ebd-ccce915ee383}</UniqueIdentifier>
    </Filter>
    <Filter Include="include\opencv2\bioinspired">
      <UniqueIdentifier>{0fc589cb-0ce9-46f4-b50f-6de0d83edd25}</UniqueIdentifier>
    </Filter>
    <Filter Include="include\opencv2\aruco">
      <UniqueIdentifier>{c2bbbd91-d741-4c06-8f6c-423f12988f1f}</UniqueIdentifier>
    </Filter>
  </ItemGroup>
  <ItemGroup>
    <ClCompile Include="dllmain.cpp" />
    <ClCompile Include="pch.cpp" />
    <ClCompile Include="Source\bgsegm.cpp">
      <Filter>Source</Filter>
    </ClCompile>
    <ClCompile Include="Source\calib3d.cpp">
      <Filter>Source</Filter>
    </ClCompile>
    <ClCompile Include="Source\core.cpp">
      <Filter>Source</Filter>
    </ClCompile>
    <ClCompile Include="Source\cuda.cpp">
      <Filter>Source</Filter>
    </ClCompile>
    <ClCompile Include="Source\face.cpp">
      <Filter>Source</Filter>
    </ClCompile>
    <ClCompile Include="Source\features2d.cpp">
      <Filter>Source</Filter>
    </ClCompile>
    <ClCompile Include="Source\flann.cpp">
      <Filter>Source</Filter>
    </ClCompile>
    <ClCompile Include="Source\highgui.cpp">
      <Filter>Source</Filter>
    </ClCompile>
    <ClCompile Include="Source\imgcodecs.cpp">
      <Filter>Source</Filter>
    </ClCompile>
    <ClCompile Include="Source\imgproc.cpp">
      <Filter>Source</Filter>
    </ClCompile>
    <ClCompile Include="Source\ml.cpp">
      <Filter>Source</Filter>
    </ClCompile>
    <ClCompile Include="Source\objdetect.cpp">
      <Filter>Source</Filter>
    </ClCompile>
    <ClCompile Include="Source\optflow.cpp">
      <Filter>Source</Filter>
    </ClCompile>
    <ClCompile Include="Source\photo.cpp">
      <Filter>Source</Filter>
    </ClCompile>
    <ClCompile Include="Source\shape.cpp">
      <Filter>Source</Filter>
    </ClCompile>
    <ClCompile Include="Source\std_vector.cpp">
      <Filter>Source</Filter>
    </ClCompile>
    <ClCompile Include="Source\stitching.cpp">
      <Filter>Source</Filter>
    </ClCompile>
    <ClCompile Include="Source\video.cpp">
      <Filter>Source</Filter>
    </ClCompile>
    <ClCompile Include="Source\videoio.cpp">
      <Filter>Source</Filter>
    </ClCompile>
    <ClCompile Include="Source\xfeatures2d.cpp">
      <Filter>Source</Filter>
    </ClCompile>
    <ClCompile Include="Source.cpp" />
  </ItemGroup>
  <ItemGroup>
    <ClInclude Include="pch.h" />
    <ClInclude Include="targetver.h" />
    <ClInclude Include="Source\core.h">
      <Filter>Header</Filter>
    </ClInclude>
    <ClInclude Include="Source\calib3d_StereoMatcher.h">
      <Filter>Header</Filter>
    </ClInclude>
    <ClInclude Include="Source\calib3d.h">
      <Filter>Header</Filter>
    </ClInclude>
    <ClInclude Include="Source\bgsegm.h">
      <Filter>Header</Filter>
    </ClInclude>
    <ClInclude Include="Source\xfeatures2d.h">
      <Filter>Header</Filter>
    </ClInclude>
    <ClInclude Include="Source\videoio.h">
      <Filter>Header</Filter>
    </ClInclude>
    <ClInclude Include="Source\video_tracking.h">
      <Filter>Header</Filter>
    </ClInclude>
    <ClInclude Include="Source\video_background_segm.h">
      <Filter>Header</Filter>
    </ClInclude>
    <ClInclude Include="Source\video.h">
      <Filter>Header</Filter>
    </ClInclude>
    <ClInclude Include="Source\superres.h">
      <Filter>Header</Filter>
    </ClInclude>
    <ClInclude Include="Source\stitching_detail_Matchers.h">
      <Filter>Header</Filter>
    </ClInclude>
    <ClInclude Include="Source\stitching.h">
      <Filter>Header</Filter>
    </ClInclude>
    <ClInclude Include="Source\std_vector.h">
      <Filter>Header</Filter>
    </ClInclude>
    <ClInclude Include="Source\shape_ShapeDistanceExtractor.h">
      <Filter>Header</Filter>
    </ClInclude>
    <ClInclude Include="Source\photo_HDR.h">
      <Filter>Header</Filter>
    </ClInclude>
    <ClInclude Include="Source\photo.h">
      <Filter>Header</Filter>
    </ClInclude>
    <ClInclude Include="Source\optflow_motempl.h">
      <Filter>Header</Filter>
    </ClInclude>
    <ClInclude Include="Source\optflow.h">
      <Filter>Header</Filter>
    </ClInclude>
    <ClInclude Include="Source\objdetect_HOGDescriptor.h">
      <Filter>Header</Filter>
    </ClInclude>
    <ClInclude Include="Source\objdetect.h">
      <Filter>Header</Filter>
    </ClInclude>
    <ClInclude Include="Source\my_types.h">
      <Filter>Header</Filter>
    </ClInclude>
    <ClInclude Include="Source\my_functions.h">
      <Filter>Header</Filter>
    </ClInclude>
    <ClInclude Include="Source\ml_SVM.h">
      <Filter>Header</Filter>
    </ClInclude>
    <ClInclude Include="Source\ml_StatModel.h">
      <Filter>Header</Filter>
    </ClInclude>
    <ClInclude Include="Source\ml_RTrees.h">
      <Filter>Header</Filter>
    </ClInclude>
    <ClInclude Include="Source\ml_NormalBayesClassifier.h">
      <Filter>Header</Filter>
    </ClInclude>
    <ClInclude Include="Source\ml_LogisticRegressionh.h">
      <Filter>Header</Filter>
    </ClInclude>
    <ClInclude Include="Source\ml_KNearest.h">
      <Filter>Header</Filter>
    </ClInclude>
    <ClInclude Include="Source\ml_EM.h">
      <Filter>Header</Filter>
    </ClInclude>
    <ClInclude Include="Source\ml_DTree.h">
      <Filter>Header</Filter>
    </ClInclude>
    <ClInclude Include="Source\ml_Boost.h">
      <Filter>Header</Filter>
    </ClInclude>
    <ClInclude Include="Source\ml_ANN_MLP.h">
      <Filter>Header</Filter>
    </ClInclude>
    <ClInclude Include="Source\ml.h">
      <Filter>Header</Filter>
    </ClInclude>
    <ClInclude Include="Source\include_opencv.h">
      <Filter>Header</Filter>
    </ClInclude>
    <ClInclude Include="Source\imgproc_Subdiv2D.h">
      <Filter>Header</Filter>
    </ClInclude>
    <ClInclude Include="Source\imgproc_LineSegmentDetector.h">
      <Filter>Header</Filter>
    </ClInclude>
    <ClInclude Include="Source\imgproc_LineIterator.h">
      <Filter>Header</Filter>
    </ClInclude>
    <ClInclude Include="Source\imgproc_GeneralizedHough.h">
      <Filter>Header</Filter>
    </ClInclude>
    <ClInclude Include="Source\imgproc_CLAHE.h">
      <Filter>Header</Filter>
    </ClInclude>
    <ClInclude Include="Source\imgproc.h">
      <Filter>Header</Filter>
    </ClInclude>
    <ClInclude Include="Source\imgcodecs.h">
      <Filter>Header</Filter>
    </ClInclude>
    <ClInclude Include="Source\highgui.h">
      <Filter>Header</Filter>
    </ClInclude>
    <ClInclude Include="Source\flann.h">
      <Filter>Header</Filter>
    </ClInclude>
    <ClInclude Include="Source\features2d_SimpleBlobDetector.h">
      <Filter>Header</Filter>
    </ClInclude>
    <ClInclude Include="Source\features2d_ORB.h">
      <Filter>Header</Filter>
    </ClInclude>
    <ClInclude Include="Source\features2d_MSER.h">
      <Filter>Header</Filter>
    </ClInclude>
    <ClInclude Include="Source\features2d_KeyPointsFilter.h">
      <Filter>Header</Filter>
    </ClInclude>
    <ClInclude Include="Source\features2d_KAZE.h">
      <Filter>Header</Filter>
    </ClInclude>
    <ClInclude Include="Source\features2d_GFTTDetector.h">
      <Filter>Header</Filter>
    </ClInclude>
    <ClInclude Include="Source\features2d_FeatureDetector.h">
      <Filter>Header</Filter>
    </ClInclude>
    <ClInclude Include="Source\features2d_FastFeatureDetector.h">
      <Filter>Header</Filter>
    </ClInclude>
    <ClInclude Include="Source\features2d_DescriptorMatcher.h">
      <Filter>Header</Filter>
    </ClInclude>
    <ClInclude Include="Source\features2d_BRISK.h">
      <Filter>Header</Filter>
    </ClInclude>
    <ClInclude Include="Source\features2d_BOW.h">
      <Filter>Header</Filter>
    </ClInclude>
    <ClInclude Include="Source\features2d_AKAZE.h">
      <Filter>Header</Filter>
    </ClInclude>
    <ClInclude Include="Source\features2d_AgastFeatureDetector.h">
      <Filter>Header</Filter>
    </ClInclude>
    <ClInclude Include="Source\features2d.h">
      <Filter>Header</Filter>
    </ClInclude>
    <ClInclude Include="Source\face.h">
      <Filter>Header</Filter>
    </ClInclude>
    <ClInclude Include="Source\cuda_GpuMat.h">
      <Filter>Header</Filter>
    </ClInclude>
    <ClInclude Include="Source\cuda.h">
      <Filter>Header</Filter>
    </ClInclude>
    <ClInclude Include="Source\core_SVD.h">
      <Filter>Header</Filter>
    </ClInclude>
    <ClInclude Include="Source\core_SparseMat.h">
      <Filter>Header</Filter>
    </ClInclude>
    <ClInclude Include="Source\core_RNG.h">
      <Filter>Header</Filter>
    </ClInclude>
    <ClInclude Include="Source\core_PCA.h">
      <Filter>Header</Filter>
    </ClInclude>
    <ClInclude Include="Source\core_OutputArray.h">
      <Filter>Header</Filter>
    </ClInclude>
    <ClInclude Include="Source\core_MatExpr.h">
      <Filter>Header</Filter>
    </ClInclude>
    <ClInclude Include="Source\core_Mat.h">
      <Filter>Header</Filter>
    </ClInclude>
    <ClInclude Include="Source\core_InputArray.h">
      <Filter>Header</Filter>
    </ClInclude>
    <ClInclude Include="Source\core_FileStorage.h">
      <Filter>Header</Filter>
    </ClInclude>
    <ClInclude Include="Source\core_Algorithm.h">
      <Filter>Header</Filter>
    </ClInclude>
    <ClInclude Include="include\opencv2\core\types_c.h">
      <Filter>include\opencv2\core</Filter>
    </ClInclude>
    <ClInclude Include="include\opencv\ml.h">
      <Filter>include\opencv</Filter>
    </ClInclude>
    <ClInclude Include="include\opencv\highgui.h">
      <Filter>include\opencv</Filter>
    </ClInclude>
    <ClInclude Include="include\opencv\cxmisc.h">
      <Filter>include\opencv</Filter>
    </ClInclude>
    <ClInclude Include="include\opencv\cxeigen.hpp">
      <Filter>include\opencv</Filter>
    </ClInclude>
    <ClInclude Include="include\opencv\cxcore.hpp">
      <Filter>include\opencv</Filter>
    </ClInclude>
    <ClInclude Include="include\opencv\cxcore.h">
      <Filter>include\opencv</Filter>
    </ClInclude>
    <ClInclude Include="include\opencv\cvwimage.h">
      <Filter>include\opencv</Filter>
    </ClInclude>
    <ClInclude Include="include\opencv\cvaux.hpp">
      <Filter>include\opencv</Filter>
    </ClInclude>
    <ClInclude Include="include\opencv\cvaux.h">
      <Filter>include\opencv</Filter>
    </ClInclude>
    <ClInclude Include="include\opencv\cv.hpp">
      <Filter>include\opencv</Filter>
    </ClInclude>
    <ClInclude Include="include\opencv\cv.h">
      <Filter>include\opencv</Filter>
    </ClInclude>
    <ClInclude Include="include\opencv2\xphoto\white_balance.hpp">
      <Filter>include\opencv2\xphoto</Filter>
    </ClInclude>
    <ClInclude Include="include\opencv2\xphoto\inpainting.hpp">
      <Filter>include\opencv2\xphoto</Filter>
    </ClInclude>
    <ClInclude Include="include\opencv2\xphoto\dct_image_denoising.hpp">
      <Filter>include\opencv2\xphoto</Filter>
    </ClInclude>
    <ClInclude Include="include\opencv2\xphoto\bm3d_image_denoising.hpp">
      <Filter>include\opencv2\xphoto</Filter>
    </ClInclude>
    <ClInclude Include="include\opencv2\xphoto.hpp">
      <Filter>include\opencv2</Filter>
    </ClInclude>
    <ClInclude Include="include\opencv2\xobjdetect.hpp">
      <Filter>include\opencv2</Filter>
    </ClInclude>
    <ClInclude Include="include\opencv2\ximgproc\weighted_median_filter.hpp">
      <Filter>include\opencv2\ximgproc</Filter>
    </ClInclude>
    <ClInclude Include="include\opencv2\ximgproc\structured_edge_detection.hpp">
      <Filter>include\opencv2\ximgproc</Filter>
    </ClInclude>
    <ClInclude Include="include\opencv2\ximgproc\sparse_match_interpolator.hpp">
      <Filter>include\opencv2\ximgproc</Filter>
    </ClInclude>
    <ClInclude Include="include\opencv2\ximgproc\slic.hpp">
      <Filter>include\opencv2\ximgproc</Filter>
    </ClInclude>
    <ClInclude Include="include\opencv2\ximgproc\segmentation.hpp">
      <Filter>include\opencv2\ximgproc</Filter>
    </ClInclude>
    <ClInclude Include="include\opencv2\ximgproc\seeds.hpp">
      <Filter>include\opencv2\ximgproc</Filter>
    </ClInclude>
    <ClInclude Include="include\opencv2\ximgproc\paillou_filter.hpp">
      <Filter>include\opencv2\ximgproc</Filter>
    </ClInclude>
    <ClInclude Include="include\opencv2\ximgproc\lsc.hpp">
      <Filter>include\opencv2\ximgproc</Filter>
    </ClInclude>
    <ClInclude Include="include\opencv2\ximgproc\fast_line_detector.hpp">
      <Filter>include\opencv2\ximgproc</Filter>
    </ClInclude>
    <ClInclude Include="include\opencv2\ximgproc\fast_hough_transform.hpp">
      <Filter>include\opencv2\ximgproc</Filter>
    </ClInclude>
    <ClInclude Include="include\opencv2\ximgproc\estimated_covariance.hpp">
      <Filter>include\opencv2\ximgproc</Filter>
    </ClInclude>
    <ClInclude Include="include\opencv2\ximgproc\edge_filter.hpp">
      <Filter>include\opencv2\ximgproc</Filter>
    </ClInclude>
    <ClInclude Include="include\opencv2\ximgproc\disparity_filter.hpp">
      <Filter>include\opencv2\ximgproc</Filter>
    </ClInclude>
    <ClInclude Include="include\opencv2\ximgproc.hpp">
      <Filter>include\opencv2</Filter>
    </ClInclude>
    <ClInclude Include="include\opencv2\xfeatures2d\nonfree.hpp">
      <Filter>include\opencv2\xfeatures2d</Filter>
    </ClInclude>
    <ClInclude Include="include\opencv2\xfeatures2d\cuda.hpp">
      <Filter>include\opencv2\xfeatures2d</Filter>
    </ClInclude>
    <ClInclude Include="include\opencv2\xfeatures2d.hpp">
      <Filter>include\opencv2</Filter>
    </ClInclude>
    <ClInclude Include="include\opencv2\video\video.hpp">
      <Filter>include\opencv2\video</Filter>
    </ClInclude>
    <ClInclude Include="include\opencv2\video\tracking_c.h">
      <Filter>include\opencv2\video</Filter>
    </ClInclude>
    <ClInclude Include="include\opencv2\video\tracking.hpp">
      <Filter>include\opencv2\video</Filter>
    </ClInclude>
    <ClInclude Include="include\opencv2\video\background_segm.hpp">
      <Filter>include\opencv2\video</Filter>
    </ClInclude>
    <ClInclude Include="include\opencv2\videostab\wobble_suppression.hpp">
      <Filter>include\opencv2\videostab</Filter>
    </ClInclude>
    <ClInclude Include="include\opencv2\videostab\stabilizer.hpp">
      <Filter>include\opencv2\videostab</Filter>
    </ClInclude>
    <ClInclude Include="include\opencv2\videostab\ring_buffer.hpp">
      <Filter>include\opencv2\videostab</Filter>
    </ClInclude>
    <ClInclude Include="include\opencv2\videostab\outlier_rejection.hpp">
      <Filter>include\opencv2\videostab</Filter>
    </ClInclude>
    <ClInclude Include="include\opencv2\videostab\optical_flow.hpp">
      <Filter>include\opencv2\videostab</Filter>
    </ClInclude>
    <ClInclude Include="include\opencv2\videostab\motion_stabilizing.hpp">
      <Filter>include\opencv2\videostab</Filter>
    </ClInclude>
    <ClInclude Include="include\opencv2\videostab\motion_core.hpp">
      <Filter>include\opencv2\videostab</Filter>
    </ClInclude>
    <ClInclude Include="include\opencv2\videostab\log.hpp">
      <Filter>include\opencv2\videostab</Filter>
    </ClInclude>
    <ClInclude Include="include\opencv2\videostab\inpainting.hpp">
      <Filter>include\opencv2\videostab</Filter>
    </ClInclude>
    <ClInclude Include="include\opencv2\videostab\global_motion.hpp">
      <Filter>include\opencv2\videostab</Filter>
    </ClInclude>
    <ClInclude Include="include\opencv2\videostab\frame_source.hpp">
      <Filter>include\opencv2\videostab</Filter>
    </ClInclude>
    <ClInclude Include="include\opencv2\videostab\fast_marching_inl.hpp">
      <Filter>include\opencv2\videostab</Filter>
    </ClInclude>
    <ClInclude Include="include\opencv2\videostab\fast_marching.hpp">
      <Filter>include\opencv2\videostab</Filter>
    </ClInclude>
    <ClInclude Include="include\opencv2\videostab\deblurring.hpp">
      <Filter>include\opencv2\videostab</Filter>
    </ClInclude>
    <ClInclude Include="include\opencv2\videostab.hpp">
      <Filter>include\opencv2</Filter>
    </ClInclude>
    <ClInclude Include="include\opencv2\videoio\videoio_c.h">
      <Filter>include\opencv2\videoio</Filter>
    </ClInclude>
    <ClInclude Include="include\opencv2\videoio\videoio.hpp">
      <Filter>include\opencv2\videoio</Filter>
    </ClInclude>
    <ClInclude Include="include\opencv2\videoio\cap_winrt.hpp">
      <Filter>include\opencv2\videoio</Filter>
    </ClInclude>
    <ClInclude Include="include\opencv2\videoio\cap_ios.h">
      <Filter>include\opencv2\videoio</Filter>
    </ClInclude>
    <ClInclude Include="include\opencv2\videoio.hpp">
      <Filter>include\opencv2</Filter>
    </ClInclude>
    <ClInclude Include="include\opencv2\video.hpp">
      <Filter>include\opencv2</Filter>
    </ClInclude>
    <ClInclude Include="include\opencv2\tracking\tracking.hpp">
      <Filter>include\opencv2\tracking</Filter>
    </ClInclude>
    <ClInclude Include="include\opencv2\tracking\tracker.hpp">
      <Filter>include\opencv2\tracking</Filter>
    </ClInclude>
    <ClInclude Include="include\opencv2\tracking\tldDataset.hpp">
      <Filter>include\opencv2\tracking</Filter>
    </ClInclude>
    <ClInclude Include="include\opencv2\tracking\onlineMIL.hpp">
      <Filter>include\opencv2\tracking</Filter>
    </ClInclude>
    <ClInclude Include="include\opencv2\tracking\onlineBoosting.hpp">
      <Filter>include\opencv2\tracking</Filter>
    </ClInclude>
    <ClInclude Include="include\opencv2\tracking\kalman_filters.hpp">
      <Filter>include\opencv2\tracking</Filter>
    </ClInclude>
    <ClInclude Include="include\opencv2\tracking\feature.hpp">
      <Filter>include\opencv2\tracking</Filter>
    </ClInclude>
    <ClInclude Include="include\opencv2\tracking.hpp">
      <Filter>include\opencv2</Filter>
    </ClInclude>
    <ClInclude Include="include\opencv2\text\ocr.hpp">
      <Filter>include\opencv2\text</Filter>
    </ClInclude>
    <ClInclude Include="include\opencv2\text\erfilter.hpp">
      <Filter>include\opencv2\text</Filter>
    </ClInclude>
    <ClInclude Include="include\opencv2\text.hpp">
      <Filter>include\opencv2</Filter>
    </ClInclude>
    <ClInclude Include="include\opencv2\surface_matching\t_hash_int.hpp">
      <Filter>include\opencv2\surface_matching</Filter>
    </ClInclude>
    <ClInclude Include="include\opencv2\surface_matching\ppf_match_3d.hpp">
      <Filter>include\opencv2\surface_matching</Filter>
    </ClInclude>
    <ClInclude Include="include\opencv2\surface_matching\ppf_helpers.hpp">
      <Filter>include\opencv2\surface_matching</Filter>
    </ClInclude>
    <ClInclude Include="include\opencv2\surface_matching\pose_3d.hpp">
      <Filter>include\opencv2\surface_matching</Filter>
    </ClInclude>
    <ClInclude Include="include\opencv2\surface_matching\icp.hpp">
      <Filter>include\opencv2\surface_matching</Filter>
    </ClInclude>
    <ClInclude Include="include\opencv2\surface_matching.hpp">
      <Filter>include\opencv2</Filter>
    </ClInclude>
    <ClInclude Include="include\opencv2\structured_light\structured_light.hpp">
      <Filter>include\opencv2\structured_light</Filter>
    </ClInclude>
    <ClInclude Include="include\opencv2\structured_light\sinusoidalpattern.hpp">
      <Filter>include\opencv2\structured_light</Filter>
    </ClInclude>
    <ClInclude Include="include\opencv2\structured_light\graycodepattern.hpp">
      <Filter>include\opencv2\structured_light</Filter>
    </ClInclude>
    <ClInclude Include="include\opencv2\structured_light.hpp">
      <Filter>include\opencv2</Filter>
    </ClInclude>
    <ClInclude Include="include\opencv2\stitching\warpers.hpp">
      <Filter>include\opencv2\stitching</Filter>
    </ClInclude>
    <ClInclude Include="include\opencv2\stitching\detail\warpers_inl.hpp">
      <Filter>include\opencv2\stitching\detail</Filter>
    </ClInclude>
    <ClInclude Include="include\opencv2\stitching\detail\warpers.hpp">
      <Filter>include\opencv2\stitching\detail</Filter>
    </ClInclude>
    <ClInclude Include="include\opencv2\stitching\detail\util_inl.hpp">
      <Filter>include\opencv2\stitching\detail</Filter>
    </ClInclude>
    <ClInclude Include="include\opencv2\stitching\detail\util.hpp">
      <Filter>include\opencv2\stitching\detail</Filter>
    </ClInclude>
    <ClInclude Include="include\opencv2\stitching\detail\timelapsers.hpp">
      <Filter>include\opencv2\stitching\detail</Filter>
    </ClInclude>
    <ClInclude Include="include\opencv2\stitching\detail\seam_finders.hpp">
      <Filter>include\opencv2\stitching\detail</Filter>
    </ClInclude>
    <ClInclude Include="include\opencv2\stitching\detail\motion_estimators.hpp">
      <Filter>include\opencv2\stitching\detail</Filter>
    </ClInclude>
    <ClInclude Include="include\opencv2\stitching\detail\matchers.hpp">
      <Filter>include\opencv2\stitching\detail</Filter>
    </ClInclude>
    <ClInclude Include="include\opencv2\stitching\detail\exposure_compensate.hpp">
      <Filter>include\opencv2\stitching\detail</Filter>
    </ClInclude>
    <ClInclude Include="include\opencv2\stitching\detail\camera.hpp">
      <Filter>include\opencv2\stitching\detail</Filter>
    </ClInclude>
    <ClInclude Include="include\opencv2\stitching\detail\blenders.hpp">
      <Filter>include\opencv2\stitching\detail</Filter>
    </ClInclude>
    <ClInclude Include="include\opencv2\stitching\detail\autocalib.hpp">
      <Filter>include\opencv2\stitching\detail</Filter>
    </ClInclude>
    <ClInclude Include="include\opencv2\stitching.hpp">
      <Filter>include\opencv2</Filter>
    </ClInclude>
    <ClInclude Include="include\opencv2\stereo\stereo.hpp">
      <Filter>include\opencv2\stereo</Filter>
    </ClInclude>
    <ClInclude Include="include\opencv2\stereo\matching.hpp">
      <Filter>include\opencv2\stereo</Filter>
    </ClInclude>
    <ClInclude Include="include\opencv2\stereo\descriptor.hpp">
      <Filter>include\opencv2\stereo</Filter>
    </ClInclude>
    <ClInclude Include="include\opencv2\stereo.hpp">
      <Filter>include\opencv2</Filter>
    </ClInclude>
    <ClInclude Include="include\opencv2\shape\shape_transformer.hpp">
      <Filter>include\opencv2\shape</Filter>
    </ClInclude>
    <ClInclude Include="include\opencv2\shape\shape_distance.hpp">
      <Filter>include\opencv2\shape</Filter>
    </ClInclude>
    <ClInclude Include="include\opencv2\shape\shape.hpp">
      <Filter>include\opencv2\shape</Filter>
    </ClInclude>
    <ClInclude Include="include\opencv2\shape\hist_cost.hpp">
      <Filter>include\opencv2\shape</Filter>
    </ClInclude>
    <ClInclude Include="include\opencv2\shape\emdL1.hpp">
      <Filter>include\opencv2\shape</Filter>
    </ClInclude>
    <ClInclude Include="include\opencv2\shape.hpp">
      <Filter>include\opencv2</Filter>
    </ClInclude>
    <ClInclude Include="include\opencv2\saliency\saliencySpecializedClasses.hpp">
      <Filter>include\opencv2\saliency</Filter>
    </ClInclude>
    <ClInclude Include="include\opencv2\saliency\saliencyBaseClasses.hpp">
      <Filter>include\opencv2\saliency</Filter>
    </ClInclude>
    <ClInclude Include="include\opencv2\saliency.hpp">
      <Filter>include\opencv2</Filter>
    </ClInclude>
    <ClInclude Include="include\opencv2\rgbd\linemod.hpp">
      <Filter>include\opencv2\rgbd</Filter>
    </ClInclude>
    <ClInclude Include="include\opencv2\rgbd.hpp">
      <Filter>include\opencv2</Filter>
    </ClInclude>
    <ClInclude Include="include\opencv2\reg\mapshift.hpp">
      <Filter>include\opencv2\reg</Filter>
    </ClInclude>
    <ClInclude Include="include\opencv2\reg\mapprojec.hpp">
      <Filter>include\opencv2\reg</Filter>
    </ClInclude>
    <ClInclude Include="include\opencv2\reg\mapperpyramid.hpp">
      <Filter>include\opencv2\reg</Filter>
    </ClInclude>
    <ClInclude Include="include\opencv2\reg\mappergradsimilar.hpp">
      <Filter>include\opencv2\reg</Filter>
    </ClInclude>
    <ClInclude Include="include\opencv2\reg\mappergradshift.hpp">
      <Filter>include\opencv2\reg</Filter>
    </ClInclude>
    <ClInclude Include="include\opencv2\reg\mappergradproj.hpp">
      <Filter>include\opencv2\reg</Filter>
    </ClInclude>
    <ClInclude Include="include\opencv2\reg\mappergradeuclid.hpp">
      <Filter>include\opencv2\reg</Filter>
    </ClInclude>
    <ClInclude Include="include\opencv2\reg\mappergradaffine.hpp">
      <Filter>include\opencv2\reg</Filter>
    </ClInclude>
    <ClInclude Include="include\opencv2\reg\mapper.hpp">
      <Filter>include\opencv2\reg</Filter>
    </ClInclude>
    <ClInclude Include="include\opencv2\reg\mapaffine.hpp">
      <Filter>include\opencv2\reg</Filter>
    </ClInclude>
    <ClInclude Include="include\opencv2\reg\map.hpp">
      <Filter>include\opencv2\reg</Filter>
    </ClInclude>
    <ClInclude Include="include\opencv2\plot.hpp">
      <Filter>include\opencv2</Filter>
    </ClInclude>
    <ClInclude Include="include\opencv2\photo\photo_c.h">
      <Filter>include\opencv2\photo</Filter>
    </ClInclude>
    <ClInclude Include="include\opencv2\photo\photo.hpp">
      <Filter>include\opencv2\photo</Filter>
    </ClInclude>
    <ClInclude Include="include\opencv2\photo\cuda.hpp">
      <Filter>include\opencv2\photo</Filter>
    </ClInclude>
    <ClInclude Include="include\opencv2\photo.hpp">
      <Filter>include\opencv2</Filter>
    </ClInclude>
    <ClInclude Include="include\opencv2\phase_unwrapping\phase_unwrapping.hpp">
      <Filter>include\opencv2\phase_unwrapping</Filter>
    </ClInclude>
    <ClInclude Include="include\opencv2\phase_unwrapping\histogramphaseunwrapping.hpp">
      <Filter>include\opencv2\phase_unwrapping</Filter>
    </ClInclude>
    <ClInclude Include="include\opencv2\phase_unwrapping.hpp">
      <Filter>include\opencv2</Filter>
    </ClInclude>
    <ClInclude Include="include\opencv2\optflow\sparse_matching_gpc.hpp">
      <Filter>include\opencv2\optflow</Filter>
    </ClInclude>
    <ClInclude Include="include\opencv2\optflow\pcaflow.hpp">
      <Filter>include\opencv2\optflow</Filter>
    </ClInclude>
    <ClInclude Include="include\opencv2\optflow\motempl.hpp">
      <Filter>include\opencv2\optflow</Filter>
    </ClInclude>
    <ClInclude Include="include\opencv2\optflow.hpp">
      <Filter>include\opencv2</Filter>
    </ClInclude>
    <ClInclude Include="include\opencv2\opencv_modules.hpp">
      <Filter>include\opencv2</Filter>
    </ClInclude>
    <ClInclude Include="include\opencv2\opencv.hpp">
      <Filter>include\opencv2</Filter>
    </ClInclude>
    <ClInclude Include="include\opencv2\objdetect\objdetect_c.h">
      <Filter>include\opencv2\objdetect</Filter>
    </ClInclude>
    <ClInclude Include="include\opencv2\objdetect\objdetect.hpp">
      <Filter>include\opencv2\objdetect</Filter>
    </ClInclude>
    <ClInclude Include="include\opencv2\objdetect\detection_based_tracker.hpp">
      <Filter>include\opencv2\objdetect</Filter>
    </ClInclude>
    <ClInclude Include="include\opencv2\objdetect.hpp">
      <Filter>include\opencv2</Filter>
    </ClInclude>
    <ClInclude Include="include\opencv2\ml\ml.hpp">
      <Filter>include\opencv2\ml</Filter>
    </ClInclude>
    <ClInclude Include="include\opencv2\ml.hpp">
      <Filter>include\opencv2</Filter>
    </ClInclude>
    <ClInclude Include="include\opencv2\line_descriptor\descriptor.hpp">
      <Filter>include\opencv2\line_descriptor</Filter>
    </ClInclude>
    <ClInclude Include="include\opencv2\line_descriptor.hpp">
      <Filter>include\opencv2</Filter>
    </ClInclude>
    <ClInclude Include="include\opencv2\imgproc\types_c.h">
      <Filter>include\opencv2\imgproc</Filter>
    </ClInclude>
    <ClInclude Include="include\opencv2\imgproc\imgproc_c.h">
      <Filter>include\opencv2\imgproc</Filter>
    </ClInclude>
    <ClInclude Include="include\opencv2\imgproc\imgproc.hpp">
      <Filter>include\opencv2\imgproc</Filter>
    </ClInclude>
    <ClInclude Include="include\opencv2\imgproc\hal\interface.h">
      <Filter>include\opencv2\imgproc\hal</Filter>
    </ClInclude>
    <ClInclude Include="include\opencv2\imgproc\hal\hal.hpp">
      <Filter>include\opencv2\imgproc\hal</Filter>
    </ClInclude>
    <ClInclude Include="include\opencv2\imgproc\detail\distortion_model.hpp">
      <Filter>include\opencv2\imgproc\detail</Filter>
    </ClInclude>
    <ClInclude Include="include\opencv2\imgproc.hpp">
      <Filter>include\opencv2</Filter>
    </ClInclude>
    <ClInclude Include="include\opencv2\imgcodecs\ios.h">
      <Filter>include\opencv2\imgcodecs</Filter>
    </ClInclude>
    <ClInclude Include="include\opencv2\imgcodecs\imgcodecs_c.h">
      <Filter>include\opencv2\imgcodecs</Filter>
    </ClInclude>
    <ClInclude Include="include\opencv2\imgcodecs\imgcodecs.hpp">
      <Filter>include\opencv2\imgcodecs</Filter>
    </ClInclude>
    <ClInclude Include="include\opencv2\imgcodecs.hpp">
      <Filter>include\opencv2</Filter>
    </ClInclude>
    <ClInclude Include="include\opencv2\highgui\highgui_winrt.hpp">
      <Filter>include\opencv2\highgui</Filter>
    </ClInclude>
    <ClInclude Include="include\opencv2\highgui\highgui_c.h">
      <Filter>include\opencv2\highgui</Filter>
    </ClInclude>
    <ClInclude Include="include\opencv2\highgui\highgui.hpp">
      <Filter>include\opencv2\highgui</Filter>
    </ClInclude>
    <ClInclude Include="include\opencv2\highgui.hpp">
      <Filter>include\opencv2</Filter>
    </ClInclude>
    <ClInclude Include="include\opencv2\fuzzy\types.hpp">
      <Filter>include\opencv2\fuzzy</Filter>
    </ClInclude>
    <ClInclude Include="include\opencv2\fuzzy\fuzzy_image.hpp">
      <Filter>include\opencv2\fuzzy</Filter>
    </ClInclude>
    <ClInclude Include="include\opencv2\fuzzy\fuzzy_F0_math.hpp">
      <Filter>include\opencv2\fuzzy</Filter>
    </ClInclude>
    <ClInclude Include="include\opencv2\fuzzy.hpp">
      <Filter>include\opencv2</Filter>
    </ClInclude>
    <ClInclude Include="include\opencv2\flann\timer.h">
      <Filter>include\opencv2\flann</Filter>
    </ClInclude>
    <ClInclude Include="include\opencv2\flann\simplex_downhill.h">
      <Filter>include\opencv2\flann</Filter>
    </ClInclude>
    <ClInclude Include="include\opencv2\flann\saving.h">
      <Filter>include\opencv2\flann</Filter>
    </ClInclude>
    <ClInclude Include="include\opencv2\flann\sampling.h">
      <Filter>include\opencv2\flann</Filter>
    </ClInclude>
    <ClInclude Include="include\opencv2\flann\result_set.h">
      <Filter>include\opencv2\flann</Filter>
    </ClInclude>
    <ClInclude Include="include\opencv2\flann\random.h">
      <Filter>include\opencv2\flann</Filter>
    </ClInclude>
    <ClInclude Include="include\opencv2\flann\params.h">
      <Filter>include\opencv2\flann</Filter>
    </ClInclude>
    <ClInclude Include="include\opencv2\flann\object_factory.h">
      <Filter>include\opencv2\flann</Filter>
    </ClInclude>
    <ClInclude Include="include\opencv2\flann\nn_index.h">
      <Filter>include\opencv2\flann</Filter>
    </ClInclude>
    <ClInclude Include="include\opencv2\flann\miniflann.hpp">
      <Filter>include\opencv2\flann</Filter>
    </ClInclude>
    <ClInclude Include="include\opencv2\flann\matrix.h">
      <Filter>include\opencv2\flann</Filter>
    </ClInclude>
    <ClInclude Include="include\opencv2\flann\lsh_table.h">
      <Filter>include\opencv2\flann</Filter>
    </ClInclude>
    <ClInclude Include="include\opencv2\flann\lsh_index.h">
      <Filter>include\opencv2\flann</Filter>
    </ClInclude>
    <ClInclude Include="include\opencv2\flann\logger.h">
      <Filter>include\opencv2\flann</Filter>
    </ClInclude>
    <ClInclude Include="include\opencv2\flann\linear_index.h">
      <Filter>include\opencv2\flann</Filter>
    </ClInclude>
    <ClInclude Include="include\opencv2\flann\kmeans_index.h">
      <Filter>include\opencv2\flann</Filter>
    </ClInclude>
    <ClInclude Include="include\opencv2\flann\kdtree_single_index.h">
      <Filter>include\opencv2\flann</Filter>
    </ClInclude>
    <ClInclude Include="include\opencv2\flann\kdtree_index.h">
      <Filter>include\opencv2\flann</Filter>
    </ClInclude>
    <ClInclude Include="include\opencv2\flann\index_testing.h">
      <Filter>include\opencv2\flann</Filter>
    </ClInclude>
    <ClInclude Include="include\opencv2\flann\hierarchical_clustering_index.h">
      <Filter>include\opencv2\flann</Filter>
    </ClInclude>
    <ClInclude Include="include\opencv2\flann\heap.h">
      <Filter>include\opencv2\flann</Filter>
    </ClInclude>
    <ClInclude Include="include\opencv2\flann\hdf5.h">
      <Filter>include\opencv2\flann</Filter>
    </ClInclude>
    <ClInclude Include="include\opencv2\flann\ground_truth.h">
      <Filter>include\opencv2\flann</Filter>
    </ClInclude>
    <ClInclude Include="include\opencv2\flann\general.h">
      <Filter>include\opencv2\flann</Filter>
    </ClInclude>
    <ClInclude Include="include\opencv2\flann\flann_base.hpp">
      <Filter>include\opencv2\flann</Filter>
    </ClInclude>
    <ClInclude Include="include\opencv2\flann\flann.hpp">
      <Filter>include\opencv2\flann</Filter>
    </ClInclude>
    <ClInclude Include="include\opencv2\flann\dynamic_bitset.h">
      <Filter>include\opencv2\flann</Filter>
    </ClInclude>
    <ClInclude Include="include\opencv2\flann\dummy.h">
      <Filter>include\opencv2\flann</Filter>
    </ClInclude>
    <ClInclude Include="include\opencv2\flann\dist.h">
      <Filter>include\opencv2\flann</Filter>
    </ClInclude>
    <ClInclude Include="include\opencv2\flann\defines.h">
      <Filter>include\opencv2\flann</Filter>
    </ClInclude>
    <ClInclude Include="include\opencv2\flann\config.h">
      <Filter>include\opencv2\flann</Filter>
    </ClInclude>
    <ClInclude Include="include\opencv2\flann\composite_index.h">
      <Filter>include\opencv2\flann</Filter>
    </ClInclude>
    <ClInclude Include="include\opencv2\flann\autotuned_index.h">
      <Filter>include\opencv2\flann</Filter>
    </ClInclude>
    <ClInclude Include="include\opencv2\flann\any.h">
      <Filter>include\opencv2\flann</Filter>
    </ClInclude>
    <ClInclude Include="include\opencv2\flann\all_indices.h">
      <Filter>include\opencv2\flann</Filter>
    </ClInclude>
    <ClInclude Include="include\opencv2\flann\allocator.h">
      <Filter>include\opencv2\flann</Filter>
    </ClInclude>
    <ClInclude Include="include\opencv2\flann.hpp">
      <Filter>include\opencv2</Filter>
    </ClInclude>
    <ClInclude Include="include\opencv2\features2d\features2d.hpp">
      <Filter>include\opencv2\features2d</Filter>
    </ClInclude>
    <ClInclude Include="include\opencv2\features2d.hpp">
      <Filter>include\opencv2</Filter>
    </ClInclude>
    <ClInclude Include="include\opencv2\face\predict_collector.hpp">
      <Filter>include\opencv2\face</Filter>
    </ClInclude>
    <ClInclude Include="include\opencv2\face\facerec.hpp">
      <Filter>include\opencv2\face</Filter>
    </ClInclude>
    <ClInclude Include="include\opencv2\face\bif.hpp">
      <Filter>include\opencv2\face</Filter>
    </ClInclude>
    <ClInclude Include="include\opencv2\face.hpp">
      <Filter>include\opencv2</Filter>
    </ClInclude>
    <ClInclude Include="include\opencv2\dpm.hpp">
      <Filter>include\opencv2</Filter>
    </ClInclude>
    <ClInclude Include="include\opencv2\datasets\util.hpp">
      <Filter>include\opencv2\datasets</Filter>
    </ClInclude>
    <ClInclude Include="include\opencv2\datasets\tr_svt.hpp">
      <Filter>include\opencv2\datasets</Filter>
    </ClInclude>
    <ClInclude Include="include\opencv2\datasets\tr_icdar.hpp">
      <Filter>include\opencv2\datasets</Filter>
    </ClInclude>
    <ClInclude Include="include\opencv2\datasets\tr_chars.hpp">
      <Filter>include\opencv2\datasets</Filter>
    </ClInclude>
    <ClInclude Include="include\opencv2\datasets\track_vot.hpp">
      <Filter>include\opencv2\datasets</Filter>
    </ClInclude>
    <ClInclude Include="include\opencv2\datasets\slam_tumindoor.hpp">
      <Filter>include\opencv2\datasets</Filter>
    </ClInclude>
    <ClInclude Include="include\opencv2\datasets\slam_kitti.hpp">
      <Filter>include\opencv2\datasets</Filter>
    </ClInclude>
    <ClInclude Include="include\opencv2\datasets\pd_inria.hpp">
      <Filter>include\opencv2\datasets</Filter>
    </ClInclude>
    <ClInclude Include="include\opencv2\datasets\pd_caltech.hpp">
      <Filter>include\opencv2\datasets</Filter>
    </ClInclude>
    <ClInclude Include="include\opencv2\datasets\or_sun.hpp">
      <Filter>include\opencv2\datasets</Filter>
    </ClInclude>
    <ClInclude Include="include\opencv2\datasets\or_pascal.hpp">
      <Filter>include\opencv2\datasets</Filter>
    </ClInclude>
    <ClInclude Include="include\opencv2\datasets\or_mnist.hpp">
      <Filter>include\opencv2\datasets</Filter>
    </ClInclude>
    <ClInclude Include="include\opencv2\datasets\or_imagenet.hpp">
      <Filter>include\opencv2\datasets</Filter>
    </ClInclude>
    <ClInclude Include="include\opencv2\datasets\msm_middlebury.hpp">
      <Filter>include\opencv2\datasets</Filter>
    </ClInclude>
    <ClInclude Include="include\opencv2\datasets\msm_epfl.hpp">
      <Filter>include\opencv2\datasets</Filter>
    </ClInclude>
    <ClInclude Include="include\opencv2\datasets\is_weizmann.hpp">
      <Filter>include\opencv2\datasets</Filter>
    </ClInclude>
    <ClInclude Include="include\opencv2\datasets\is_bsds.hpp">
      <Filter>include\opencv2\datasets</Filter>
    </ClInclude>
    <ClInclude Include="include\opencv2\datasets\ir_robot.hpp">
      <Filter>include\opencv2\datasets</Filter>
    </ClInclude>
    <ClInclude Include="include\opencv2\datasets\ir_affine.hpp">
      <Filter>include\opencv2\datasets</Filter>
    </ClInclude>
    <ClInclude Include="include\opencv2\datasets\hpe_parse.hpp">
      <Filter>include\opencv2\datasets</Filter>
    </ClInclude>
    <ClInclude Include="include\opencv2\datasets\hpe_humaneva.hpp">
      <Filter>include\opencv2\datasets</Filter>
    </ClInclude>
    <ClInclude Include="include\opencv2\datasets\gr_skig.hpp">
      <Filter>include\opencv2\datasets</Filter>
    </ClInclude>
    <ClInclude Include="include\opencv2\datasets\gr_chalearn.hpp">
      <Filter>include\opencv2\datasets</Filter>
    </ClInclude>
    <ClInclude Include="include\opencv2\datasets\fr_lfw.hpp">
      <Filter>include\opencv2\datasets</Filter>
    </ClInclude>
    <ClInclude Include="include\opencv2\datasets\fr_adience.hpp">
      <Filter>include\opencv2\datasets</Filter>
    </ClInclude>
    <ClInclude Include="include\opencv2\datasets\dataset.hpp">
      <Filter>include\opencv2\datasets</Filter>
    </ClInclude>
    <ClInclude Include="include\opencv2\datasets\ar_sports.hpp">
      <Filter>include\opencv2\datasets</Filter>
    </ClInclude>
    <ClInclude Include="include\opencv2\datasets\ar_hmdb.hpp">
      <Filter>include\opencv2\datasets</Filter>
    </ClInclude>
    <ClInclude Include="include\opencv2\cvconfig.h">
      <Filter>include\opencv2</Filter>
    </ClInclude>
    <ClInclude Include="include\opencv2\core\wimage.hpp">
      <Filter>include\opencv2\core</Filter>
    </ClInclude>
    <ClInclude Include="include\opencv2\core\version.hpp">
      <Filter>include\opencv2\core</Filter>
    </ClInclude>
    <ClInclude Include="include\opencv2\core\va_intel.hpp">
      <Filter>include\opencv2\core</Filter>
    </ClInclude>
    <ClInclude Include="include\opencv2\core\utility.hpp">
      <Filter>include\opencv2\core</Filter>
    </ClInclude>
    <ClInclude Include="include\opencv2\core\types.hpp">
      <Filter>include\opencv2\core</Filter>
    </ClInclude>
    <ClInclude Include="include\opencv2\core\traits.hpp">
      <Filter>include\opencv2\core</Filter>
    </ClInclude>
    <ClInclude Include="include\opencv2\core\sse_utils.hpp">
      <Filter>include\opencv2\core</Filter>
    </ClInclude>
    <ClInclude Include="include\opencv2\core\saturate.hpp">
      <Filter>include\opencv2\core</Filter>
    </ClInclude>
    <ClInclude Include="include\opencv2\core\ptr.inl.hpp">
      <Filter>include\opencv2\core</Filter>
    </ClInclude>
    <ClInclude Include="include\opencv2\core\private.hpp">
      <Filter>include\opencv2\core</Filter>
    </ClInclude>
    <ClInclude Include="include\opencv2\core\private.cuda.hpp">
      <Filter>include\opencv2\core</Filter>
    </ClInclude>
    <ClInclude Include="include\opencv2\core\persistence.hpp">
      <Filter>include\opencv2\core</Filter>
    </ClInclude>
    <ClInclude Include="include\opencv2\core\ovx.hpp">
      <Filter>include\opencv2\core</Filter>
    </ClInclude>
    <ClInclude Include="include\opencv2\core\optim.hpp">
      <Filter>include\opencv2\core</Filter>
    </ClInclude>
    <ClInclude Include="include\opencv2\core\operations.hpp">
      <Filter>include\opencv2\core</Filter>
    </ClInclude>
    <ClInclude Include="include\opencv2\core\opengl.hpp">
      <Filter>include\opencv2\core</Filter>
    </ClInclude>
    <ClInclude Include="include\opencv2\core\ocl_genbase.hpp">
      <Filter>include\opencv2\core</Filter>
    </ClInclude>
    <ClInclude Include="include\opencv2\core\ocl.hpp">
      <Filter>include\opencv2\core</Filter>
    </ClInclude>
    <ClInclude Include="include\opencv2\core\neon_utils.hpp">
      <Filter>include\opencv2\core</Filter>
    </ClInclude>
    <ClInclude Include="include\opencv2\core\matx.hpp">
      <Filter>include\opencv2\core</Filter>
    </ClInclude>
    <ClInclude Include="include\opencv2\core\mat.inl.hpp">
      <Filter>include\opencv2\core</Filter>
    </ClInclude>
    <ClInclude Include="include\opencv2\core\mat.hpp">
      <Filter>include\opencv2\core</Filter>
    </ClInclude>
    <ClInclude Include="include\opencv2\core\ippasync.hpp">
      <Filter>include\opencv2\core</Filter>
    </ClInclude>
    <ClInclude Include="include\opencv2\core\hal\intrin_sse.hpp">
      <Filter>include\opencv2\core\hal</Filter>
    </ClInclude>
    <ClInclude Include="include\opencv2\core\hal\intrin_neon.hpp">
      <Filter>include\opencv2\core\hal</Filter>
    </ClInclude>
    <ClInclude Include="include\opencv2\core\hal\intrin_cpp.hpp">
      <Filter>include\opencv2\core\hal</Filter>
    </ClInclude>
    <ClInclude Include="include\opencv2\core\hal\intrin.hpp">
      <Filter>include\opencv2\core\hal</Filter>
    </ClInclude>
    <ClInclude Include="include\opencv2\core\hal\interface.h">
      <Filter>include\opencv2\core\hal</Filter>
    </ClInclude>
    <ClInclude Include="include\opencv2\core\hal\hal.hpp">
      <Filter>include\opencv2\core\hal</Filter>
    </ClInclude>
    <ClInclude Include="include\opencv2\core\fast_math.hpp">
      <Filter>include\opencv2\core</Filter>
    </ClInclude>
    <ClInclude Include="include\opencv2\core\eigen.hpp">
      <Filter>include\opencv2\core</Filter>
    </ClInclude>
    <ClInclude Include="include\opencv2\core\directx.hpp">
      <Filter>include\opencv2\core</Filter>
    </ClInclude>
    <ClInclude Include="include\opencv2\core\cvstd.inl.hpp">
      <Filter>include\opencv2\core</Filter>
    </ClInclude>
    <ClInclude Include="include\opencv2\core\cvstd.hpp">
      <Filter>include\opencv2\core</Filter>
    </ClInclude>
    <ClInclude Include="include\opencv2\core\cvdef.h">
      <Filter>include\opencv2\core</Filter>
    </ClInclude>
    <ClInclude Include="include\opencv2\core\cuda_types.hpp">
      <Filter>include\opencv2\core</Filter>
    </ClInclude>
    <ClInclude Include="include\opencv2\core\cuda_stream_accessor.hpp">
      <Filter>include\opencv2\core</Filter>
    </ClInclude>
    <ClInclude Include="include\opencv2\core\cuda\warp_shuffle.hpp">
      <Filter>include\opencv2\core\cuda</Filter>
    </ClInclude>
    <ClInclude Include="include\opencv2\core\cuda\warp_reduce.hpp">
      <Filter>include\opencv2\core\cuda</Filter>
    </ClInclude>
    <ClInclude Include="include\opencv2\core\cuda\warp.hpp">
      <Filter>include\opencv2\core\cuda</Filter>
    </ClInclude>
    <ClInclude Include="include\opencv2\core\cuda\vec_traits.hpp">
      <Filter>include\opencv2\core\cuda</Filter>
    </ClInclude>
    <ClInclude Include="include\opencv2\core\cuda\vec_math.hpp">
      <Filter>include\opencv2\core\cuda</Filter>
    </ClInclude>
    <ClInclude Include="include\opencv2\core\cuda\vec_distance.hpp">
      <Filter>include\opencv2\core\cuda</Filter>
    </ClInclude>
    <ClInclude Include="include\opencv2\core\cuda\utility.hpp">
      <Filter>include\opencv2\core\cuda</Filter>
    </ClInclude>
    <ClInclude Include="include\opencv2\core\cuda\type_traits.hpp">
      <Filter>include\opencv2\core\cuda</Filter>
    </ClInclude>
    <ClInclude Include="include\opencv2\core\cuda\transform.hpp">
      <Filter>include\opencv2\core\cuda</Filter>
    </ClInclude>
    <ClInclude Include="include\opencv2\core\cuda\simd_functions.hpp">
      <Filter>include\opencv2\core\cuda</Filter>
    </ClInclude>
    <ClInclude Include="include\opencv2\core\cuda\scan.hpp">
      <Filter>include\opencv2\core\cuda</Filter>
    </ClInclude>
    <ClInclude Include="include\opencv2\core\cuda\saturate_cast.hpp">
      <Filter>include\opencv2\core\cuda</Filter>
    </ClInclude>
    <ClInclude Include="include\opencv2\core\cuda\reduce.hpp">
      <Filter>include\opencv2\core\cuda</Filter>
    </ClInclude>
    <ClInclude Include="include\opencv2\core\cuda\limits.hpp">
      <Filter>include\opencv2\core\cuda</Filter>
    </ClInclude>
    <ClInclude Include="include\opencv2\core\cuda\functional.hpp">
      <Filter>include\opencv2\core\cuda</Filter>
    </ClInclude>
    <ClInclude Include="include\opencv2\core\cuda\funcattrib.hpp">
      <Filter>include\opencv2\core\cuda</Filter>
    </ClInclude>
    <ClInclude Include="include\opencv2\core\cuda\filters.hpp">
      <Filter>include\opencv2\core\cuda</Filter>
    </ClInclude>
    <ClInclude Include="include\opencv2\core\cuda\emulation.hpp">
      <Filter>include\opencv2\core\cuda</Filter>
    </ClInclude>
    <ClInclude Include="include\opencv2\core\cuda\dynamic_smem.hpp">
      <Filter>include\opencv2\core\cuda</Filter>
    </ClInclude>
    <ClInclude Include="include\opencv2\core\cuda\detail\vec_distance_detail.hpp">
      <Filter>include\opencv2\core\cuda\detail</Filter>
    </ClInclude>
    <ClInclude Include="include\opencv2\core\cuda\detail\type_traits_detail.hpp">
      <Filter>include\opencv2\core\cuda\detail</Filter>
    </ClInclude>
    <ClInclude Include="include\opencv2\core\cuda\detail\transform_detail.hpp">
      <Filter>include\opencv2\core\cuda\detail</Filter>
    </ClInclude>
    <ClInclude Include="include\opencv2\core\cuda\detail\reduce_key_val.hpp">
      <Filter>include\opencv2\core\cuda\detail</Filter>
    </ClInclude>
    <ClInclude Include="include\opencv2\core\cuda\detail\reduce.hpp">
      <Filter>include\opencv2\core\cuda\detail</Filter>
    </ClInclude>
    <ClInclude Include="include\opencv2\core\cuda\detail\color_detail.hpp">
      <Filter>include\opencv2\core\cuda\detail</Filter>
    </ClInclude>
    <ClInclude Include="include\opencv2\core\cuda\datamov_utils.hpp">
      <Filter>include\opencv2\core\cuda</Filter>
    </ClInclude>
    <ClInclude Include="include\opencv2\core\cuda\common.hpp">
      <Filter>include\opencv2\core\cuda</Filter>
    </ClInclude>
    <ClInclude Include="include\opencv2\core\cuda\color.hpp">
      <Filter>include\opencv2\core\cuda</Filter>
    </ClInclude>
    <ClInclude Include="include\opencv2\core\cuda\border_interpolate.hpp">
      <Filter>include\opencv2\core\cuda</Filter>
    </ClInclude>
    <ClInclude Include="include\opencv2\core\cuda\block.hpp">
      <Filter>include\opencv2\core\cuda</Filter>
    </ClInclude>
    <ClInclude Include="include\opencv2\core\cuda.inl.hpp">
      <Filter>include\opencv2\core</Filter>
    </ClInclude>
    <ClInclude Include="include\opencv2\core\cuda.hpp">
      <Filter>include\opencv2\core</Filter>
    </ClInclude>
    <ClInclude Include="include\opencv2\core\core_c.h">
      <Filter>include\opencv2\core</Filter>
    </ClInclude>
    <ClInclude Include="include\opencv2\core\core.hpp">
      <Filter>include\opencv2\core</Filter>
    </ClInclude>
    <ClInclude Include="include\opencv2\core\bufferpool.hpp">
      <Filter>include\opencv2\core</Filter>
    </ClInclude>
    <ClInclude Include="include\opencv2\core\base.hpp">
      <Filter>include\opencv2\core</Filter>
    </ClInclude>
    <ClInclude Include="include\opencv2\core\affine.hpp">
      <Filter>include\opencv2\core</Filter>
    </ClInclude>
    <ClInclude Include="include\opencv2\core.hpp">
      <Filter>include\opencv2</Filter>
    </ClInclude>
    <ClInclude Include="include\opencv2\ccalib\randpattern.hpp">
      <Filter>include\opencv2\ccalib</Filter>
    </ClInclude>
    <ClInclude Include="include\opencv2\ccalib\omnidir.hpp">
      <Filter>include\opencv2\ccalib</Filter>
    </ClInclude>
    <ClInclude Include="include\opencv2\ccalib\multicalib.hpp">
      <Filter>include\opencv2\ccalib</Filter>
    </ClInclude>
    <ClInclude Include="include\opencv2\ccalib.hpp">
      <Filter>include\opencv2</Filter>
    </ClInclude>
    <ClInclude Include="include\opencv2\calib3d\calib3d_c.h">
      <Filter>include\opencv2\calib3d</Filter>
    </ClInclude>
    <ClInclude Include="include\opencv2\calib3d\calib3d.hpp">
      <Filter>include\opencv2\calib3d</Filter>
    </ClInclude>
    <ClInclude Include="include\opencv2\calib3d.hpp">
      <Filter>include\opencv2</Filter>
    </ClInclude>
    <ClInclude Include="include\opencv2\bioinspired\transientareassegmentationmodule.hpp">
      <Filter>include\opencv2\bioinspired</Filter>
    </ClInclude>
    <ClInclude Include="include\opencv2\bioinspired\retinafasttonemapping.hpp">
      <Filter>include\opencv2\bioinspired</Filter>
    </ClInclude>
    <ClInclude Include="include\opencv2\bioinspired\retina.hpp">
      <Filter>include\opencv2\bioinspired</Filter>
    </ClInclude>
    <ClInclude Include="include\opencv2\bioinspired\bioinspired.hpp">
      <Filter>include\opencv2\bioinspired</Filter>
    </ClInclude>
    <ClInclude Include="include\opencv2\bioinspired.hpp">
      <Filter>include\opencv2</Filter>
    </ClInclude>
    <ClInclude Include="include\opencv2\bgsegm.hpp">
      <Filter>include\opencv2</Filter>
    </ClInclude>
    <ClInclude Include="include\opencv2\aruco\dictionary.hpp">
      <Filter>include\opencv2\aruco</Filter>
    </ClInclude>
    <ClInclude Include="include\opencv2\aruco\charuco.hpp">
      <Filter>include\opencv2\aruco</Filter>
    </ClInclude>
    <ClInclude Include="include\opencv2\aruco.hpp">
      <Filter>include\opencv2</Filter>
    </ClInclude>
  </ItemGroup>
  <ItemGroup>
    <None Include="packages.config" />
  </ItemGroup>
</Project>