<?xml version="1.0" encoding="utf-8"?>
<Project ToolsVersion="15.0" xmlns="http://schemas.microsoft.com/developer/msbuild/2003">
  <ItemGroup>
    <Filter Include="Resource Files">
      <UniqueIdentifier>{67DA6AB6-F800-4c08-8B7A-83BB121AAD01}</UniqueIdentifier>
      <Extensions>rc;ico;cur;bmp;dlg;rc2;rct;bin;rgs;gif;jpg;jpeg;jpe;resx;tga;tiff;tif;png;wav;mfcribbon-ms</Extensions>
    </Filter>
    <Filter Include="include">
      <UniqueIdentifier>{3a48fba9-61c1-49bc-a353-93014a01cc50}</UniqueIdentifier>
    </Filter>
    <Filter Include="include\opencv">
      <UniqueIdentifier>{119a4e9a-022e-4357-a968-911dc6a8b1cf}</UniqueIdentifier>
    </Filter>
    <Filter Include="include\opencv2">
      <UniqueIdentifier>{5e6fe97b-0d25-4b08-9437-f6a528a1fb21}</UniqueIdentifier>
    </Filter>
    <Filter Include="include\opencv2\xphoto">
      <UniqueIdentifier>{d64c9c06-f1af-4f6f-89cc-9fa6139d8aff}</UniqueIdentifier>
    </Filter>
    <Filter Include="include\opencv2\ximgproc">
      <UniqueIdentifier>{275bf79c-2404-4168-904a-80f113851f15}</UniqueIdentifier>
    </Filter>
    <Filter Include="include\opencv2\xfeatures2d">
      <UniqueIdentifier>{0307502d-734f-4b48-b789-d08cd4cdcf52}</UniqueIdentifier>
    </Filter>
    <Filter Include="include\opencv2\video">
      <UniqueIdentifier>{18fd181b-07f6-4154-a572-1cf59f071159}</UniqueIdentifier>
    </Filter>
    <Filter Include="include\opencv2\videostab">
      <UniqueIdentifier>{4c87cc25-a898-4bd0-9775-f840983ca622}</UniqueIdentifier>
    </Filter>
    <Filter Include="include\opencv2\videoio">
      <UniqueIdentifier>{b940473c-f796-4b18-a30e-a39d3c1136a6}</UniqueIdentifier>
    </Filter>
    <Filter Include="include\opencv2\tracking">
      <UniqueIdentifier>{c91b594c-aa02-43a9-ac14-14a6ac684b41}</UniqueIdentifier>
    </Filter>
    <Filter Include="include\opencv2\text">
      <UniqueIdentifier>{3ec5f256-cde8-4214-bc8a-0b1449e6e06b}</UniqueIdentifier>
    </Filter>
    <Filter Include="include\opencv2\surface_matching">
      <UniqueIdentifier>{4bdd93d0-6c6a-4a49-a644-b371aa1f1e49}</UniqueIdentifier>
    </Filter>
    <Filter Include="include\opencv2\structured_light">
      <UniqueIdentifier>{bd531ab6-faa2-4dc9-8fe3-8c8a3469d77d}</UniqueIdentifier>
    </Filter>
    <Filter Include="include\opencv2\stitching">
      <UniqueIdentifier>{68774f87-319e-4357-ab18-9e9809c1f985}</UniqueIdentifier>
    </Filter>
    <Filter Include="include\opencv2\stitching\detail">
      <UniqueIdentifier>{e6558da2-f3e2-434a-a3c0-c2b1c4ee362a}</UniqueIdentifier>
    </Filter>
    <Filter Include="include\opencv2\stereo">
      <UniqueIdentifier>{8c160754-3bf1-423a-ad73-89cc735f6a53}</UniqueIdentifier>
    </Filter>
    <Filter Include="include\opencv2\shape">
      <UniqueIdentifier>{23bf1755-bc0e-4e47-b29a-a52256675bf2}</UniqueIdentifier>
    </Filter>
    <Filter Include="include\opencv2\saliency">
      <UniqueIdentifier>{8171cb30-26d4-4a8f-be3f-4939abe63fb9}</UniqueIdentifier>
    </Filter>
    <Filter Include="include\opencv2\rgbd">
      <UniqueIdentifier>{e8eac620-dc30-456b-8080-54a734f10c11}</UniqueIdentifier>
    </Filter>
    <Filter Include="include\opencv2\reg">
      <UniqueIdentifier>{d2b5b3e3-bfe3-4cf0-b3c9-4d6626fecfc4}</UniqueIdentifier>
    </Filter>
    <Filter Include="include\opencv2\photo">
      <UniqueIdentifier>{cd39e2d9-bd77-4e4c-a5f2-f1f410cae19b}</UniqueIdentifier>
    </Filter>
    <Filter Include="include\opencv2\phase_unwrapping">
      <UniqueIdentifier>{43f874bc-e3dd-49a0-a599-3199beb2f31f}</UniqueIdentifier>
    </Filter>
    <Filter Include="include\opencv2\optflow">
      <UniqueIdentifier>{b413244e-9b7d-48ee-b89a-ade7d3c96ba0}</UniqueIdentifier>
    </Filter>
    <Filter Include="include\opencv2\objdetect">
      <UniqueIdentifier>{8040cf82-213d-4197-8d9a-9866a39335c4}</UniqueIdentifier>
    </Filter>
    <Filter Include="include\opencv2\ml">
      <UniqueIdentifier>{2cf7f6d4-e769-469f-bed5-62b3c5bde56e}</UniqueIdentifier>
    </Filter>
    <Filter Include="include\opencv2\line_descriptor">
      <UniqueIdentifier>{71965dac-2bc1-47a7-99ea-dcc781c99280}</UniqueIdentifier>
    </Filter>
    <Filter Include="include\opencv2\imgproc">
      <UniqueIdentifier>{4b086ea7-aea6-457e-be0d-ed83fb78a512}</UniqueIdentifier>
    </Filter>
    <Filter Include="include\opencv2\imgproc\hal">
      <UniqueIdentifier>{ccbce155-db94-4de9-a2ea-b8d0fdff62c2}</UniqueIdentifier>
    </Filter>
    <Filter Include="include\opencv2\imgproc\detail">
      <UniqueIdentifier>{eb2189a2-9aae-4cf3-a268-b383e15923cb}</UniqueIdentifier>
    </Filter>
    <Filter Include="include\opencv2\imgcodecs">
      <UniqueIdentifier>{f1725823-ad35-4172-bc27-ace6c79acdf5}</UniqueIdentifier>
    </Filter>
    <Filter Include="include\opencv2\highgui">
      <UniqueIdentifier>{78d247af-2892-4480-b85e-3d86ef7ed2c0}</UniqueIdentifier>
    </Filter>
    <Filter Include="include\opencv2\fuzzy">
      <UniqueIdentifier>{20c85775-317b-49d1-abda-e69076cf31c1}</UniqueIdentifier>
    </Filter>
    <Filter Include="include\opencv2\flann">
      <UniqueIdentifier>{4689e058-f85b-4a23-b6b1-f496bafb9083}</UniqueIdentifier>
    </Filter>
    <Filter Include="include\opencv2\features2d">
      <UniqueIdentifier>{5dad7437-4eff-4a4f-ad30-7a26856e5efd}</UniqueIdentifier>
    </Filter>
    <Filter Include="include\opencv2\face">
      <UniqueIdentifier>{382770ad-a029-4010-862d-fc7b90d79e8d}</UniqueIdentifier>
    </Filter>
    <Filter Include="include\opencv2\datasets">
      <UniqueIdentifier>{c026c421-ad9e-49ea-aa0c-a85c4c7916fb}</UniqueIdentifier>
    </Filter>
    <Filter Include="include\opencv2\core">
      <UniqueIdentifier>{5607325a-18eb-40af-be57-4b9e9d5a051c}</UniqueIdentifier>
    </Filter>
    <Filter Include="include\opencv2\core\hal">
      <UniqueIdentifier>{9448b0d0-ce74-4d65-8ede-753c20ca94fa}</UniqueIdentifier>
    </Filter>
    <Filter Include="include\opencv2\core\cuda">
      <UniqueIdentifier>{a3ec5d89-6858-40eb-b821-f47db8d7fa39}</UniqueIdentifier>
    </Filter>
    <Filter Include="include\opencv2\core\cuda\detail">
      <UniqueIdentifier>{72ca511a-0acf-4f4b-82a3-66a3f4c32b61}</UniqueIdentifier>
    </Filter>
    <Filter Include="include\opencv2\ccalib">
      <UniqueIdentifier>{e7b58925-0d14-470b-9e3c-415d050a3047}</UniqueIdentifier>
    </Filter>
    <Filter Include="include\opencv2\calib3d">
      <UniqueIdentifier>{8400755d-c169-42e8-9659-15b80af00305}</UniqueIdentifier>
    </Filter>
    <Filter Include="include\opencv2\bioinspired">
      <UniqueIdentifier>{84921a87-477c-434d-9ecc-df0219d4ad03}</UniqueIdentifier>
    </Filter>
    <Filter Include="include\opencv2\aruco">
      <UniqueIdentifier>{90d136c5-4650-41f9-8f1c-9f49e5ac1df4}</UniqueIdentifier>
    </Filter>
  </ItemGroup>
  <ItemGroup>
    <ClCompile Include="dllmain.cpp" />
    <ClCompile Include="OpenCvHololens.cpp" />
    <ClCompile Include="pch.cpp" />
  </ItemGroup>
  <ItemGroup>
    <ClInclude Include="OpenCvHololens.h" />
    <ClInclude Include="pch.h" />
    <ClInclude Include="targetver.h" />
    <ClInclude Include="include\opencv\ml.h">
      <Filter>include\opencv</Filter>
    </ClInclude>
    <ClInclude Include="include\opencv\highgui.h">
      <Filter>include\opencv</Filter>
    </ClInclude>
    <ClInclude Include="include\opencv\cxmisc.h">
      <Filter>include\opencv</Filter>
    </ClInclude>
    <ClInclude Include="include\opencv\cxeigen.hpp">
      <Filter>include\opencv</Filter>
    </ClInclude>
    <ClInclude Include="include\opencv\cxcore.hpp">
      <Filter>include\opencv</Filter>
    </ClInclude>
    <ClInclude Include="include\opencv\cxcore.h">
      <Filter>include\opencv</Filter>
    </ClInclude>
    <ClInclude Include="include\opencv\cvwimage.h">
      <Filter>include\opencv</Filter>
    </ClInclude>
    <ClInclude Include="include\opencv\cvaux.hpp">
      <Filter>include\opencv</Filter>
    </ClInclude>
    <ClInclude Include="include\opencv\cvaux.h">
      <Filter>include\opencv</Filter>
    </ClInclude>
    <ClInclude Include="include\opencv\cv.hpp">
      <Filter>include\opencv</Filter>
    </ClInclude>
    <ClInclude Include="include\opencv\cv.h">
      <Filter>include\opencv</Filter>
    </ClInclude>
    <ClInclude Include="include\opencv2\xphoto\white_balance.hpp">
      <Filter>include\opencv2\xphoto</Filter>
    </ClInclude>
    <ClInclude Include="include\opencv2\xphoto\inpainting.hpp">
      <Filter>include\opencv2\xphoto</Filter>
    </ClInclude>
    <ClInclude Include="include\opencv2\xphoto\dct_image_denoising.hpp">
      <Filter>include\opencv2\xphoto</Filter>
    </ClInclude>
    <ClInclude Include="include\opencv2\xphoto\bm3d_image_denoising.hpp">
      <Filter>include\opencv2\xphoto</Filter>
    </ClInclude>
    <ClInclude Include="include\opencv2\xphoto.hpp">
      <Filter>include\opencv2</Filter>
    </ClInclude>
    <ClInclude Include="include\opencv2\xobjdetect.hpp">
      <Filter>include\opencv2</Filter>
    </ClInclude>
    <ClInclude Include="include\opencv2\ximgproc\weighted_median_filter.hpp">
      <Filter>include\opencv2\ximgproc</Filter>
    </ClInclude>
    <ClInclude Include="include\opencv2\ximgproc\structured_edge_detection.hpp">
      <Filter>include\opencv2\ximgproc</Filter>
    </ClInclude>
    <ClInclude Include="include\opencv2\ximgproc\sparse_match_interpolator.hpp">
      <Filter>include\opencv2\ximgproc</Filter>
    </ClInclude>
    <ClInclude Include="include\opencv2\ximgproc\slic.hpp">
      <Filter>include\opencv2\ximgproc</Filter>
    </ClInclude>
    <ClInclude Include="include\opencv2\ximgproc\segmentation.hpp">
      <Filter>include\opencv2\ximgproc</Filter>
    </ClInclude>
    <ClInclude Include="include\opencv2\ximgproc\seeds.hpp">
      <Filter>include\opencv2\ximgproc</Filter>
    </ClInclude>
    <ClInclude Include="include\opencv2\ximgproc\paillou_filter.hpp">
      <Filter>include\opencv2\ximgproc</Filter>
    </ClInclude>
    <ClInclude Include="include\opencv2\ximgproc\lsc.hpp">
      <Filter>include\opencv2\ximgproc</Filter>
    </ClInclude>
    <ClInclude Include="include\opencv2\ximgproc\fast_line_detector.hpp">
      <Filter>include\opencv2\ximgproc</Filter>
    </ClInclude>
    <ClInclude Include="include\opencv2\ximgproc\fast_hough_transform.hpp">
      <Filter>include\opencv2\ximgproc</Filter>
    </ClInclude>
    <ClInclude Include="include\opencv2\ximgproc\estimated_covariance.hpp">
      <Filter>include\opencv2\ximgproc</Filter>
    </ClInclude>
    <ClInclude Include="include\opencv2\ximgproc\edge_filter.hpp">
      <Filter>include\opencv2\ximgproc</Filter>
    </ClInclude>
    <ClInclude Include="include\opencv2\ximgproc\disparity_filter.hpp">
      <Filter>include\opencv2\ximgproc</Filter>
    </ClInclude>
    <ClInclude Include="include\opencv2\ximgproc.hpp">
      <Filter>include\opencv2</Filter>
    </ClInclude>
    <ClInclude Include="include\opencv2\xfeatures2d\nonfree.hpp">
      <Filter>include\opencv2\xfeatures2d</Filter>
    </ClInclude>
    <ClInclude Include="include\opencv2\xfeatures2d\cuda.hpp">
      <Filter>include\opencv2\xfeatures2d</Filter>
    </ClInclude>
    <ClInclude Include="include\opencv2\xfeatures2d.hpp">
      <Filter>include\opencv2</Filter>
    </ClInclude>
    <ClInclude Include="include\opencv2\video\video.hpp">
      <Filter>include\opencv2\video</Filter>
    </ClInclude>
    <ClInclude Include="include\opencv2\video\tracking_c.h">
      <Filter>include\opencv2\video</Filter>
    </ClInclude>
    <ClInclude Include="include\opencv2\video\tracking.hpp">
      <Filter>include\opencv2\video</Filter>
    </ClInclude>
    <ClInclude Include="include\opencv2\video\background_segm.hpp">
      <Filter>include\opencv2\video</Filter>
    </ClInclude>
    <ClInclude Include="include\opencv2\videostab\wobble_suppression.hpp">
      <Filter>include\opencv2\videostab</Filter>
    </ClInclude>
    <ClInclude Include="include\opencv2\videostab\stabilizer.hpp">
      <Filter>include\opencv2\videostab</Filter>
    </ClInclude>
    <ClInclude Include="include\opencv2\videostab\ring_buffer.hpp">
      <Filter>include\opencv2\videostab</Filter>
    </ClInclude>
    <ClInclude Include="include\opencv2\videostab\outlier_rejection.hpp">
      <Filter>include\opencv2\videostab</Filter>
    </ClInclude>
    <ClInclude Include="include\opencv2\videostab\optical_flow.hpp">
      <Filter>include\opencv2\videostab</Filter>
    </ClInclude>
    <ClInclude Include="include\opencv2\videostab\motion_stabilizing.hpp">
      <Filter>include\opencv2\videostab</Filter>
    </ClInclude>
    <ClInclude Include="include\opencv2\videostab\motion_core.hpp">
      <Filter>include\opencv2\videostab</Filter>
    </ClInclude>
    <ClInclude Include="include\opencv2\videostab\log.hpp">
      <Filter>include\opencv2\videostab</Filter>
    </ClInclude>
    <ClInclude Include="include\opencv2\videostab\inpainting.hpp">
      <Filter>include\opencv2\videostab</Filter>
    </ClInclude>
    <ClInclude Include="include\opencv2\videostab\global_motion.hpp">
      <Filter>include\opencv2\videostab</Filter>
    </ClInclude>
    <ClInclude Include="include\opencv2\videostab\frame_source.hpp">
      <Filter>include\opencv2\videostab</Filter>
    </ClInclude>
    <ClInclude Include="include\opencv2\videostab\fast_marching_inl.hpp">
      <Filter>include\opencv2\videostab</Filter>
    </ClInclude>
    <ClInclude Include="include\opencv2\videostab\fast_marching.hpp">
      <Filter>include\opencv2\videostab</Filter>
    </ClInclude>
    <ClInclude Include="include\opencv2\videostab\deblurring.hpp">
      <Filter>include\opencv2\videostab</Filter>
    </ClInclude>
    <ClInclude Include="include\opencv2\videostab.hpp">
      <Filter>include\opencv2</Filter>
    </ClInclude>
    <ClInclude Include="include\opencv2\videoio\videoio_c.h">
      <Filter>include\opencv2\videoio</Filter>
    </ClInclude>
    <ClInclude Include="include\opencv2\videoio\videoio.hpp">
      <Filter>include\opencv2\videoio</Filter>
    </ClInclude>
    <ClInclude Include="include\opencv2\videoio\cap_winrt.hpp">
      <Filter>include\opencv2\videoio</Filter>
    </ClInclude>
    <ClInclude Include="include\opencv2\videoio\cap_ios.h">
      <Filter>include\opencv2\videoio</Filter>
    </ClInclude>
    <ClInclude Include="include\opencv2\videoio.hpp">
      <Filter>include\opencv2</Filter>
    </ClInclude>
    <ClInclude Include="include\opencv2\video.hpp">
      <Filter>include\opencv2</Filter>
    </ClInclude>
    <ClInclude Include="include\opencv2\tracking\tracking.hpp">
      <Filter>include\opencv2\tracking</Filter>
    </ClInclude>
    <ClInclude Include="include\opencv2\tracking\tracker.hpp">
      <Filter>include\opencv2\tracking</Filter>
    </ClInclude>
    <ClInclude Include="include\opencv2\tracking\tldDataset.hpp">
      <Filter>include\opencv2\tracking</Filter>
    </ClInclude>
    <ClInclude Include="include\opencv2\tracking\onlineMIL.hpp">
      <Filter>include\opencv2\tracking</Filter>
    </ClInclude>
    <ClInclude Include="include\opencv2\tracking\onlineBoosting.hpp">
      <Filter>include\opencv2\tracking</Filter>
    </ClInclude>
    <ClInclude Include="include\opencv2\tracking\kalman_filters.hpp">
      <Filter>include\opencv2\tracking</Filter>
    </ClInclude>
    <ClInclude Include="include\opencv2\tracking\feature.hpp">
      <Filter>include\opencv2\tracking</Filter>
    </ClInclude>
    <ClInclude Include="include\opencv2\tracking.hpp">
      <Filter>include\opencv2</Filter>
    </ClInclude>
    <ClInclude Include="include\opencv2\text\ocr.hpp">
      <Filter>include\opencv2\text</Filter>
    </ClInclude>
    <ClInclude Include="include\opencv2\text\erfilter.hpp">
      <Filter>include\opencv2\text</Filter>
    </ClInclude>
    <ClInclude Include="include\opencv2\text.hpp">
      <Filter>include\opencv2</Filter>
    </ClInclude>
    <ClInclude Include="include\opencv2\surface_matching\t_hash_int.hpp">
      <Filter>include\opencv2\surface_matching</Filter>
    </ClInclude>
    <ClInclude Include="include\opencv2\surface_matching\ppf_match_3d.hpp">
      <Filter>include\opencv2\surface_matching</Filter>
    </ClInclude>
    <ClInclude Include="include\opencv2\surface_matching\ppf_helpers.hpp">
      <Filter>include\opencv2\surface_matching</Filter>
    </ClInclude>
    <ClInclude Include="include\opencv2\surface_matching\pose_3d.hpp">
      <Filter>include\opencv2\surface_matching</Filter>
    </ClInclude>
    <ClInclude Include="include\opencv2\surface_matching\icp.hpp">
      <Filter>include\opencv2\surface_matching</Filter>
    </ClInclude>
    <ClInclude Include="include\opencv2\surface_matching.hpp">
      <Filter>include\opencv2</Filter>
    </ClInclude>
    <ClInclude Include="include\opencv2\structured_light\structured_light.hpp">
      <Filter>include\opencv2\structured_light</Filter>
    </ClInclude>
    <ClInclude Include="include\opencv2\structured_light\sinusoidalpattern.hpp">
      <Filter>include\opencv2\structured_light</Filter>
    </ClInclude>
    <ClInclude Include="include\opencv2\structured_light\graycodepattern.hpp">
      <Filter>include\opencv2\structured_light</Filter>
    </ClInclude>
    <ClInclude Include="include\opencv2\structured_light.hpp">
      <Filter>include\opencv2</Filter>
    </ClInclude>
    <ClInclude Include="include\opencv2\stitching\warpers.hpp">
      <Filter>include\opencv2\stitching</Filter>
    </ClInclude>
    <ClInclude Include="include\opencv2\stitching\detail\warpers_inl.hpp">
      <Filter>include\opencv2\stitching\detail</Filter>
    </ClInclude>
    <ClInclude Include="include\opencv2\stitching\detail\warpers.hpp">
      <Filter>include\opencv2\stitching\detail</Filter>
    </ClInclude>
    <ClInclude Include="include\opencv2\stitching\detail\util_inl.hpp">
      <Filter>include\opencv2\stitching\detail</Filter>
    </ClInclude>
    <ClInclude Include="include\opencv2\stitching\detail\util.hpp">
      <Filter>include\opencv2\stitching\detail</Filter>
    </ClInclude>
    <ClInclude Include="include\opencv2\stitching\detail\timelapsers.hpp">
      <Filter>include\opencv2\stitching\detail</Filter>
    </ClInclude>
    <ClInclude Include="include\opencv2\stitching\detail\seam_finders.hpp">
      <Filter>include\opencv2\stitching\detail</Filter>
    </ClInclude>
    <ClInclude Include="include\opencv2\stitching\detail\motion_estimators.hpp">
      <Filter>include\opencv2\stitching\detail</Filter>
    </ClInclude>
    <ClInclude Include="include\opencv2\stitching\detail\matchers.hpp">
      <Filter>include\opencv2\stitching\detail</Filter>
    </ClInclude>
    <ClInclude Include="include\opencv2\stitching\detail\exposure_compensate.hpp">
      <Filter>include\opencv2\stitching\detail</Filter>
    </ClInclude>
    <ClInclude Include="include\opencv2\stitching\detail\camera.hpp">
      <Filter>include\opencv2\stitching\detail</Filter>
    </ClInclude>
    <ClInclude Include="include\opencv2\stitching\detail\blenders.hpp">
      <Filter>include\opencv2\stitching\detail</Filter>
    </ClInclude>
    <ClInclude Include="include\opencv2\stitching\detail\autocalib.hpp">
      <Filter>include\opencv2\stitching\detail</Filter>
    </ClInclude>
    <ClInclude Include="include\opencv2\stitching.hpp">
      <Filter>include\opencv2</Filter>
    </ClInclude>
    <ClInclude Include="include\opencv2\stereo\stereo.hpp">
      <Filter>include\opencv2\stereo</Filter>
    </ClInclude>
    <ClInclude Include="include\opencv2\stereo\matching.hpp">
      <Filter>include\opencv2\stereo</Filter>
    </ClInclude>
    <ClInclude Include="include\opencv2\stereo\descriptor.hpp">
      <Filter>include\opencv2\stereo</Filter>
    </ClInclude>
    <ClInclude Include="include\opencv2\stereo.hpp">
      <Filter>include\opencv2</Filter>
    </ClInclude>
    <ClInclude Include="include\opencv2\shape\shape_transformer.hpp">
      <Filter>include\opencv2\shape</Filter>
    </ClInclude>
    <ClInclude Include="include\opencv2\shape\shape_distance.hpp">
      <Filter>include\opencv2\shape</Filter>
    </ClInclude>
    <ClInclude Include="include\opencv2\shape\shape.hpp">
      <Filter>include\opencv2\shape</Filter>
    </ClInclude>
    <ClInclude Include="include\opencv2\shape\hist_cost.hpp">
      <Filter>include\opencv2\shape</Filter>
    </ClInclude>
    <ClInclude Include="include\opencv2\shape\emdL1.hpp">
      <Filter>include\opencv2\shape</Filter>
    </ClInclude>
    <ClInclude Include="include\opencv2\shape.hpp">
      <Filter>include\opencv2</Filter>
    </ClInclude>
    <ClInclude Include="include\opencv2\saliency\saliencySpecializedClasses.hpp">
      <Filter>include\opencv2\saliency</Filter>
    </ClInclude>
    <ClInclude Include="include\opencv2\saliency\saliencyBaseClasses.hpp">
      <Filter>include\opencv2\saliency</Filter>
    </ClInclude>
    <ClInclude Include="include\opencv2\saliency.hpp">
      <Filter>include\opencv2</Filter>
    </ClInclude>
    <ClInclude Include="include\opencv2\rgbd\linemod.hpp">
      <Filter>include\opencv2\rgbd</Filter>
    </ClInclude>
    <ClInclude Include="include\opencv2\rgbd.hpp">
      <Filter>include\opencv2</Filter>
    </ClInclude>
    <ClInclude Include="include\opencv2\reg\mapshift.hpp">
      <Filter>include\opencv2\reg</Filter>
    </ClInclude>
    <ClInclude Include="include\opencv2\reg\mapprojec.hpp">
      <Filter>include\opencv2\reg</Filter>
    </ClInclude>
    <ClInclude Include="include\opencv2\reg\mapperpyramid.hpp">
      <Filter>include\opencv2\reg</Filter>
    </ClInclude>
    <ClInclude Include="include\opencv2\reg\mappergradsimilar.hpp">
      <Filter>include\opencv2\reg</Filter>
    </ClInclude>
    <ClInclude Include="include\opencv2\reg\mappergradshift.hpp">
      <Filter>include\opencv2\reg</Filter>
    </ClInclude>
    <ClInclude Include="include\opencv2\reg\mappergradproj.hpp">
      <Filter>include\opencv2\reg</Filter>
    </ClInclude>
    <ClInclude Include="include\opencv2\reg\mappergradeuclid.hpp">
      <Filter>include\opencv2\reg</Filter>
    </ClInclude>
    <ClInclude Include="include\opencv2\reg\mappergradaffine.hpp">
      <Filter>include\opencv2\reg</Filter>
    </ClInclude>
    <ClInclude Include="include\opencv2\reg\mapper.hpp">
      <Filter>include\opencv2\reg</Filter>
    </ClInclude>
    <ClInclude Include="include\opencv2\reg\mapaffine.hpp">
      <Filter>include\opencv2\reg</Filter>
    </ClInclude>
    <ClInclude Include="include\opencv2\reg\map.hpp">
      <Filter>include\opencv2\reg</Filter>
    </ClInclude>
    <ClInclude Include="include\opencv2\plot.hpp">
      <Filter>include\opencv2</Filter>
    </ClInclude>
    <ClInclude Include="include\opencv2\photo\photo_c.h">
      <Filter>include\opencv2\photo</Filter>
    </ClInclude>
    <ClInclude Include="include\opencv2\photo\photo.hpp">
      <Filter>include\opencv2\photo</Filter>
    </ClInclude>
    <ClInclude Include="include\opencv2\photo\cuda.hpp">
      <Filter>include\opencv2\photo</Filter>
    </ClInclude>
    <ClInclude Include="include\opencv2\photo.hpp">
      <Filter>include\opencv2</Filter>
    </ClInclude>
    <ClInclude Include="include\opencv2\phase_unwrapping\phase_unwrapping.hpp">
      <Filter>include\opencv2\phase_unwrapping</Filter>
    </ClInclude>
    <ClInclude Include="include\opencv2\phase_unwrapping\histogramphaseunwrapping.hpp">
      <Filter>include\opencv2\phase_unwrapping</Filter>
    </ClInclude>
    <ClInclude Include="include\opencv2\phase_unwrapping.hpp">
      <Filter>include\opencv2</Filter>
    </ClInclude>
    <ClInclude Include="include\opencv2\optflow\sparse_matching_gpc.hpp">
      <Filter>include\opencv2\optflow</Filter>
    </ClInclude>
    <ClInclude Include="include\opencv2\optflow\pcaflow.hpp">
      <Filter>include\opencv2\optflow</Filter>
    </ClInclude>
    <ClInclude Include="include\opencv2\optflow\motempl.hpp">
      <Filter>include\opencv2\optflow</Filter>
    </ClInclude>
    <ClInclude Include="include\opencv2\optflow.hpp">
      <Filter>include\opencv2</Filter>
    </ClInclude>
    <ClInclude Include="include\opencv2\opencv_modules.hpp">
      <Filter>include\opencv2</Filter>
    </ClInclude>
    <ClInclude Include="include\opencv2\opencv.hpp">
      <Filter>include\opencv2</Filter>
    </ClInclude>
    <ClInclude Include="include\opencv2\objdetect\objdetect_c.h">
      <Filter>include\opencv2\objdetect</Filter>
    </ClInclude>
    <ClInclude Include="include\opencv2\objdetect\objdetect.hpp">
      <Filter>include\opencv2\objdetect</Filter>
    </ClInclude>
    <ClInclude Include="include\opencv2\objdetect\detection_based_tracker.hpp">
      <Filter>include\opencv2\objdetect</Filter>
    </ClInclude>
    <ClInclude Include="include\opencv2\objdetect.hpp">
      <Filter>include\opencv2</Filter>
    </ClInclude>
    <ClInclude Include="include\opencv2\ml\ml.hpp">
      <Filter>include\opencv2\ml</Filter>
    </ClInclude>
    <ClInclude Include="include\opencv2\ml.hpp">
      <Filter>include\opencv2</Filter>
    </ClInclude>
    <ClInclude Include="include\opencv2\line_descriptor\descriptor.hpp">
      <Filter>include\opencv2\line_descriptor</Filter>
    </ClInclude>
    <ClInclude Include="include\opencv2\line_descriptor.hpp">
      <Filter>include\opencv2</Filter>
    </ClInclude>
    <ClInclude Include="include\opencv2\imgproc\types_c.h">
      <Filter>include\opencv2\imgproc</Filter>
    </ClInclude>
    <ClInclude Include="include\opencv2\imgproc\imgproc_c.h">
      <Filter>include\opencv2\imgproc</Filter>
    </ClInclude>
    <ClInclude Include="include\opencv2\imgproc\imgproc.hpp">
      <Filter>include\opencv2\imgproc</Filter>
    </ClInclude>
    <ClInclude Include="include\opencv2\imgproc\hal\interface.h">
      <Filter>include\opencv2\imgproc\hal</Filter>
    </ClInclude>
    <ClInclude Include="include\opencv2\imgproc\hal\hal.hpp">
      <Filter>include\opencv2\imgproc\hal</Filter>
    </ClInclude>
    <ClInclude Include="include\opencv2\imgproc\detail\distortion_model.hpp">
      <Filter>include\opencv2\imgproc\detail</Filter>
    </ClInclude>
    <ClInclude Include="include\opencv2\imgproc.hpp">
      <Filter>include\opencv2</Filter>
    </ClInclude>
    <ClInclude Include="include\opencv2\imgcodecs\ios.h">
      <Filter>include\opencv2\imgcodecs</Filter>
    </ClInclude>
    <ClInclude Include="include\opencv2\imgcodecs\imgcodecs_c.h">
      <Filter>include\opencv2\imgcodecs</Filter>
    </ClInclude>
    <ClInclude Include="include\opencv2\imgcodecs\imgcodecs.hpp">
      <Filter>include\opencv2\imgcodecs</Filter>
    </ClInclude>
    <ClInclude Include="include\opencv2\imgcodecs.hpp">
      <Filter>include\opencv2</Filter>
    </ClInclude>
    <ClInclude Include="include\opencv2\highgui\highgui_winrt.hpp">
      <Filter>include\opencv2\highgui</Filter>
    </ClInclude>
    <ClInclude Include="include\opencv2\highgui\highgui_c.h">
      <Filter>include\opencv2\highgui</Filter>
    </ClInclude>
    <ClInclude Include="include\opencv2\highgui\highgui.hpp">
      <Filter>include\opencv2\highgui</Filter>
    </ClInclude>
    <ClInclude Include="include\opencv2\highgui.hpp">
      <Filter>include\opencv2</Filter>
    </ClInclude>
    <ClInclude Include="include\opencv2\fuzzy\types.hpp">
      <Filter>include\opencv2\fuzzy</Filter>
    </ClInclude>
    <ClInclude Include="include\opencv2\fuzzy\fuzzy_image.hpp">
      <Filter>include\opencv2\fuzzy</Filter>
    </ClInclude>
    <ClInclude Include="include\opencv2\fuzzy\fuzzy_F0_math.hpp">
      <Filter>include\opencv2\fuzzy</Filter>
    </ClInclude>
    <ClInclude Include="include\opencv2\fuzzy.hpp">
      <Filter>include\opencv2</Filter>
    </ClInclude>
    <ClInclude Include="include\opencv2\flann\timer.h">
      <Filter>include\opencv2\flann</Filter>
    </ClInclude>
    <ClInclude Include="include\opencv2\flann\simplex_downhill.h">
      <Filter>include\opencv2\flann</Filter>
    </ClInclude>
    <ClInclude Include="include\opencv2\flann\saving.h">
      <Filter>include\opencv2\flann</Filter>
    </ClInclude>
    <ClInclude Include="include\opencv2\flann\sampling.h">
      <Filter>include\opencv2\flann</Filter>
    </ClInclude>
    <ClInclude Include="include\opencv2\flann\result_set.h">
      <Filter>include\opencv2\flann</Filter>
    </ClInclude>
    <ClInclude Include="include\opencv2\flann\random.h">
      <Filter>include\opencv2\flann</Filter>
    </ClInclude>
    <ClInclude Include="include\opencv2\flann\params.h">
      <Filter>include\opencv2\flann</Filter>
    </ClInclude>
    <ClInclude Include="include\opencv2\flann\object_factory.h">
      <Filter>include\opencv2\flann</Filter>
    </ClInclude>
    <ClInclude Include="include\opencv2\flann\nn_index.h">
      <Filter>include\opencv2\flann</Filter>
    </ClInclude>
    <ClInclude Include="include\opencv2\flann\miniflann.hpp">
      <Filter>include\opencv2\flann</Filter>
    </ClInclude>
    <ClInclude Include="include\opencv2\flann\matrix.h">
      <Filter>include\opencv2\flann</Filter>
    </ClInclude>
    <ClInclude Include="include\opencv2\flann\lsh_table.h">
      <Filter>include\opencv2\flann</Filter>
    </ClInclude>
    <ClInclude Include="include\opencv2\flann\lsh_index.h">
      <Filter>include\opencv2\flann</Filter>
    </ClInclude>
    <ClInclude Include="include\opencv2\flann\logger.h">
      <Filter>include\opencv2\flann</Filter>
    </ClInclude>
    <ClInclude Include="include\opencv2\flann\linear_index.h">
      <Filter>include\opencv2\flann</Filter>
    </ClInclude>
    <ClInclude Include="include\opencv2\flann\kmeans_index.h">
      <Filter>include\opencv2\flann</Filter>
    </ClInclude>
    <ClInclude Include="include\opencv2\flann\kdtree_single_index.h">
      <Filter>include\opencv2\flann</Filter>
    </ClInclude>
    <ClInclude Include="include\opencv2\flann\kdtree_index.h">
      <Filter>include\opencv2\flann</Filter>
    </ClInclude>
    <ClInclude Include="include\opencv2\flann\index_testing.h">
      <Filter>include\opencv2\flann</Filter>
    </ClInclude>
    <ClInclude Include="include\opencv2\flann\hierarchical_clustering_index.h">
      <Filter>include\opencv2\flann</Filter>
    </ClInclude>
    <ClInclude Include="include\opencv2\flann\heap.h">
      <Filter>include\opencv2\flann</Filter>
    </ClInclude>
    <ClInclude Include="include\opencv2\flann\hdf5.h">
      <Filter>include\opencv2\flann</Filter>
    </ClInclude>
    <ClInclude Include="include\opencv2\flann\ground_truth.h">
      <Filter>include\opencv2\flann</Filter>
    </ClInclude>
    <ClInclude Include="include\opencv2\flann\general.h">
      <Filter>include\opencv2\flann</Filter>
    </ClInclude>
    <ClInclude Include="include\opencv2\flann\flann_base.hpp">
      <Filter>include\opencv2\flann</Filter>
    </ClInclude>
    <ClInclude Include="include\opencv2\flann\flann.hpp">
      <Filter>include\opencv2\flann</Filter>
    </ClInclude>
    <ClInclude Include="include\opencv2\flann\dynamic_bitset.h">
      <Filter>include\opencv2\flann</Filter>
    </ClInclude>
    <ClInclude Include="include\opencv2\flann\dummy.h">
      <Filter>include\opencv2\flann</Filter>
    </ClInclude>
    <ClInclude Include="include\opencv2\flann\dist.h">
      <Filter>include\opencv2\flann</Filter>
    </ClInclude>
    <ClInclude Include="include\opencv2\flann\defines.h">
      <Filter>include\opencv2\flann</Filter>
    </ClInclude>
    <ClInclude Include="include\opencv2\flann\config.h">
      <Filter>include\opencv2\flann</Filter>
    </ClInclude>
    <ClInclude Include="include\opencv2\flann\composite_index.h">
      <Filter>include\opencv2\flann</Filter>
    </ClInclude>
    <ClInclude Include="include\opencv2\flann\autotuned_index.h">
      <Filter>include\opencv2\flann</Filter>
    </ClInclude>
    <ClInclude Include="include\opencv2\flann\any.h">
      <Filter>include\opencv2\flann</Filter>
    </ClInclude>
    <ClInclude Include="include\opencv2\flann\all_indices.h">
      <Filter>include\opencv2\flann</Filter>
    </ClInclude>
    <ClInclude Include="include\opencv2\flann\allocator.h">
      <Filter>include\opencv2\flann</Filter>
    </ClInclude>
    <ClInclude Include="include\opencv2\flann.hpp">
      <Filter>include\opencv2</Filter>
    </ClInclude>
    <ClInclude Include="include\opencv2\features2d\features2d.hpp">
      <Filter>include\opencv2\features2d</Filter>
    </ClInclude>
    <ClInclude Include="include\opencv2\features2d.hpp">
      <Filter>include\opencv2</Filter>
    </ClInclude>
    <ClInclude Include="include\opencv2\face\predict_collector.hpp">
      <Filter>include\opencv2\face</Filter>
    </ClInclude>
    <ClInclude Include="include\opencv2\face\facerec.hpp">
      <Filter>include\opencv2\face</Filter>
    </ClInclude>
    <ClInclude Include="include\opencv2\face\bif.hpp">
      <Filter>include\opencv2\face</Filter>
    </ClInclude>
    <ClInclude Include="include\opencv2\face.hpp">
      <Filter>include\opencv2</Filter>
    </ClInclude>
    <ClInclude Include="include\opencv2\dpm.hpp">
      <Filter>include\opencv2</Filter>
    </ClInclude>
    <ClInclude Include="include\opencv2\datasets\util.hpp">
      <Filter>include\opencv2\datasets</Filter>
    </ClInclude>
    <ClInclude Include="include\opencv2\datasets\tr_svt.hpp">
      <Filter>include\opencv2\datasets</Filter>
    </ClInclude>
    <ClInclude Include="include\opencv2\datasets\tr_icdar.hpp">
      <Filter>include\opencv2\datasets</Filter>
    </ClInclude>
    <ClInclude Include="include\opencv2\datasets\tr_chars.hpp">
      <Filter>include\opencv2\datasets</Filter>
    </ClInclude>
    <ClInclude Include="include\opencv2\datasets\track_vot.hpp">
      <Filter>include\opencv2\datasets</Filter>
    </ClInclude>
    <ClInclude Include="include\opencv2\datasets\slam_tumindoor.hpp">
      <Filter>include\opencv2\datasets</Filter>
    </ClInclude>
    <ClInclude Include="include\opencv2\datasets\slam_kitti.hpp">
      <Filter>include\opencv2\datasets</Filter>
    </ClInclude>
    <ClInclude Include="include\opencv2\datasets\pd_inria.hpp">
      <Filter>include\opencv2\datasets</Filter>
    </ClInclude>
    <ClInclude Include="include\opencv2\datasets\pd_caltech.hpp">
      <Filter>include\opencv2\datasets</Filter>
    </ClInclude>
    <ClInclude Include="include\opencv2\datasets\or_sun.hpp">
      <Filter>include\opencv2\datasets</Filter>
    </ClInclude>
    <ClInclude Include="include\opencv2\datasets\or_pascal.hpp">
      <Filter>include\opencv2\datasets</Filter>
    </ClInclude>
    <ClInclude Include="include\opencv2\datasets\or_mnist.hpp">
      <Filter>include\opencv2\datasets</Filter>
    </ClInclude>
    <ClInclude Include="include\opencv2\datasets\or_imagenet.hpp">
      <Filter>include\opencv2\datasets</Filter>
    </ClInclude>
    <ClInclude Include="include\opencv2\datasets\msm_middlebury.hpp">
      <Filter>include\opencv2\datasets</Filter>
    </ClInclude>
    <ClInclude Include="include\opencv2\datasets\msm_epfl.hpp">
      <Filter>include\opencv2\datasets</Filter>
    </ClInclude>
    <ClInclude Include="include\opencv2\datasets\is_weizmann.hpp">
      <Filter>include\opencv2\datasets</Filter>
    </ClInclude>
    <ClInclude Include="include\opencv2\datasets\is_bsds.hpp">
      <Filter>include\opencv2\datasets</Filter>
    </ClInclude>
    <ClInclude Include="include\opencv2\datasets\ir_robot.hpp">
      <Filter>include\opencv2\datasets</Filter>
    </ClInclude>
    <ClInclude Include="include\opencv2\datasets\ir_affine.hpp">
      <Filter>include\opencv2\datasets</Filter>
    </ClInclude>
    <ClInclude Include="include\opencv2\datasets\hpe_parse.hpp">
      <Filter>include\opencv2\datasets</Filter>
    </ClInclude>
    <ClInclude Include="include\opencv2\datasets\hpe_humaneva.hpp">
      <Filter>include\opencv2\datasets</Filter>
    </ClInclude>
    <ClInclude Include="include\opencv2\datasets\gr_skig.hpp">
      <Filter>include\opencv2\datasets</Filter>
    </ClInclude>
    <ClInclude Include="include\opencv2\datasets\gr_chalearn.hpp">
      <Filter>include\opencv2\datasets</Filter>
    </ClInclude>
    <ClInclude Include="include\opencv2\datasets\fr_lfw.hpp">
      <Filter>include\opencv2\datasets</Filter>
    </ClInclude>
    <ClInclude Include="include\opencv2\datasets\fr_adience.hpp">
      <Filter>include\opencv2\datasets</Filter>
    </ClInclude>
    <ClInclude Include="include\opencv2\datasets\dataset.hpp">
      <Filter>include\opencv2\datasets</Filter>
    </ClInclude>
    <ClInclude Include="include\opencv2\datasets\ar_sports.hpp">
      <Filter>include\opencv2\datasets</Filter>
    </ClInclude>
    <ClInclude Include="include\opencv2\datasets\ar_hmdb.hpp">
      <Filter>include\opencv2\datasets</Filter>
    </ClInclude>
    <ClInclude Include="include\opencv2\cvconfig.h">
      <Filter>include\opencv2</Filter>
    </ClInclude>
    <ClInclude Include="include\opencv2\core\wimage.hpp">
      <Filter>include\opencv2\core</Filter>
    </ClInclude>
    <ClInclude Include="include\opencv2\core\version.hpp">
      <Filter>include\opencv2\core</Filter>
    </ClInclude>
    <ClInclude Include="include\opencv2\core\va_intel.hpp">
      <Filter>include\opencv2\core</Filter>
    </ClInclude>
    <ClInclude Include="include\opencv2\core\utility.hpp">
      <Filter>include\opencv2\core</Filter>
    </ClInclude>
    <ClInclude Include="include\opencv2\core\types_c.h">
      <Filter>include\opencv2\core</Filter>
    </ClInclude>
    <ClInclude Include="include\opencv2\core\types.hpp">
      <Filter>include\opencv2\core</Filter>
    </ClInclude>
    <ClInclude Include="include\opencv2\core\traits.hpp">
      <Filter>include\opencv2\core</Filter>
    </ClInclude>
    <ClInclude Include="include\opencv2\core\sse_utils.hpp">
      <Filter>include\opencv2\core</Filter>
    </ClInclude>
    <ClInclude Include="include\opencv2\core\saturate.hpp">
      <Filter>include\opencv2\core</Filter>
    </ClInclude>
    <ClInclude Include="include\opencv2\core\ptr.inl.hpp">
      <Filter>include\opencv2\core</Filter>
    </ClInclude>
    <ClInclude Include="include\opencv2\core\private.hpp">
      <Filter>include\opencv2\core</Filter>
    </ClInclude>
    <ClInclude Include="include\opencv2\core\private.cuda.hpp">
      <Filter>include\opencv2\core</Filter>
    </ClInclude>
    <ClInclude Include="include\opencv2\core\persistence.hpp">
      <Filter>include\opencv2\core</Filter>
    </ClInclude>
    <ClInclude Include="include\opencv2\core\ovx.hpp">
      <Filter>include\opencv2\core</Filter>
    </ClInclude>
    <ClInclude Include="include\opencv2\core\optim.hpp">
      <Filter>include\opencv2\core</Filter>
    </ClInclude>
    <ClInclude Include="include\opencv2\core\operations.hpp">
      <Filter>include\opencv2\core</Filter>
    </ClInclude>
    <ClInclude Include="include\opencv2\core\opengl.hpp">
      <Filter>include\opencv2\core</Filter>
    </ClInclude>
    <ClInclude Include="include\opencv2\core\ocl_genbase.hpp">
      <Filter>include\opencv2\core</Filter>
    </ClInclude>
    <ClInclude Include="include\opencv2\core\ocl.hpp">
      <Filter>include\opencv2\core</Filter>
    </ClInclude>
    <ClInclude Include="include\opencv2\core\neon_utils.hpp">
      <Filter>include\opencv2\core</Filter>
    </ClInclude>
    <ClInclude Include="include\opencv2\core\matx.hpp">
      <Filter>include\opencv2\core</Filter>
    </ClInclude>
    <ClInclude Include="include\opencv2\core\mat.inl.hpp">
      <Filter>include\opencv2\core</Filter>
    </ClInclude>
    <ClInclude Include="include\opencv2\core\mat.hpp">
      <Filter>include\opencv2\core</Filter>
    </ClInclude>
    <ClInclude Include="include\opencv2\core\ippasync.hpp">
      <Filter>include\opencv2\core</Filter>
    </ClInclude>
    <ClInclude Include="include\opencv2\core\hal\intrin_sse.hpp">
      <Filter>include\opencv2\core\hal</Filter>
    </ClInclude>
    <ClInclude Include="include\opencv2\core\hal\intrin_neon.hpp">
      <Filter>include\opencv2\core\hal</Filter>
    </ClInclude>
    <ClInclude Include="include\opencv2\core\hal\intrin_cpp.hpp">
      <Filter>include\opencv2\core\hal</Filter>
    </ClInclude>
    <ClInclude Include="include\opencv2\core\hal\intrin.hpp">
      <Filter>include\opencv2\core\hal</Filter>
    </ClInclude>
    <ClInclude Include="include\opencv2\core\hal\interface.h">
      <Filter>include\opencv2\core\hal</Filter>
    </ClInclude>
    <ClInclude Include="include\opencv2\core\hal\hal.hpp">
      <Filter>include\opencv2\core\hal</Filter>
    </ClInclude>
    <ClInclude Include="include\opencv2\core\fast_math.hpp">
      <Filter>include\opencv2\core</Filter>
    </ClInclude>
    <ClInclude Include="include\opencv2\core\eigen.hpp">
      <Filter>include\opencv2\core</Filter>
    </ClInclude>
    <ClInclude Include="include\opencv2\core\directx.hpp">
      <Filter>include\opencv2\core</Filter>
    </ClInclude>
    <ClInclude Include="include\opencv2\core\cvstd.inl.hpp">
      <Filter>include\opencv2\core</Filter>
    </ClInclude>
    <ClInclude Include="include\opencv2\core\cvstd.hpp">
      <Filter>include\opencv2\core</Filter>
    </ClInclude>
    <ClInclude Include="include\opencv2\core\cvdef.h">
      <Filter>include\opencv2\core</Filter>
    </ClInclude>
    <ClInclude Include="include\opencv2\core\cuda_types.hpp">
      <Filter>include\opencv2\core</Filter>
    </ClInclude>
    <ClInclude Include="include\opencv2\core\cuda_stream_accessor.hpp">
      <Filter>include\opencv2\core</Filter>
    </ClInclude>
    <ClInclude Include="include\opencv2\core\cuda\warp_shuffle.hpp">
      <Filter>include\opencv2\core\cuda</Filter>
    </ClInclude>
    <ClInclude Include="include\opencv2\core\cuda\warp_reduce.hpp">
      <Filter>include\opencv2\core\cuda</Filter>
    </ClInclude>
    <ClInclude Include="include\opencv2\core\cuda\warp.hpp">
      <Filter>include\opencv2\core\cuda</Filter>
    </ClInclude>
    <ClInclude Include="include\opencv2\core\cuda\vec_traits.hpp">
      <Filter>include\opencv2\core\cuda</Filter>
    </ClInclude>
    <ClInclude Include="include\opencv2\core\cuda\vec_math.hpp">
      <Filter>include\opencv2\core\cuda</Filter>
    </ClInclude>
    <ClInclude Include="include\opencv2\core\cuda\vec_distance.hpp">
      <Filter>include\opencv2\core\cuda</Filter>
    </ClInclude>
    <ClInclude Include="include\opencv2\core\cuda\utility.hpp">
      <Filter>include\opencv2\core\cuda</Filter>
    </ClInclude>
    <ClInclude Include="include\opencv2\core\cuda\type_traits.hpp">
      <Filter>include\opencv2\core\cuda</Filter>
    </ClInclude>
    <ClInclude Include="include\opencv2\core\cuda\transform.hpp">
      <Filter>include\opencv2\core\cuda</Filter>
    </ClInclude>
    <ClInclude Include="include\opencv2\core\cuda\simd_functions.hpp">
      <Filter>include\opencv2\core\cuda</Filter>
    </ClInclude>
    <ClInclude Include="include\opencv2\core\cuda\scan.hpp">
      <Filter>include\opencv2\core\cuda</Filter>
    </ClInclude>
    <ClInclude Include="include\opencv2\core\cuda\saturate_cast.hpp">
      <Filter>include\opencv2\core\cuda</Filter>
    </ClInclude>
    <ClInclude Include="include\opencv2\core\cuda\reduce.hpp">
      <Filter>include\opencv2\core\cuda</Filter>
    </ClInclude>
    <ClInclude Include="include\opencv2\core\cuda\limits.hpp">
      <Filter>include\opencv2\core\cuda</Filter>
    </ClInclude>
    <ClInclude Include="include\opencv2\core\cuda\functional.hpp">
      <Filter>include\opencv2\core\cuda</Filter>
    </ClInclude>
    <ClInclude Include="include\opencv2\core\cuda\funcattrib.hpp">
      <Filter>include\opencv2\core\cuda</Filter>
    </ClInclude>
    <ClInclude Include="include\opencv2\core\cuda\filters.hpp">
      <Filter>include\opencv2\core\cuda</Filter>
    </ClInclude>
    <ClInclude Include="include\opencv2\core\cuda\emulation.hpp">
      <Filter>include\opencv2\core\cuda</Filter>
    </ClInclude>
    <ClInclude Include="include\opencv2\core\cuda\dynamic_smem.hpp">
      <Filter>include\opencv2\core\cuda</Filter>
    </ClInclude>
    <ClInclude Include="include\opencv2\core\cuda\detail\vec_distance_detail.hpp">
      <Filter>include\opencv2\core\cuda\detail</Filter>
    </ClInclude>
    <ClInclude Include="include\opencv2\core\cuda\detail\type_traits_detail.hpp">
      <Filter>include\opencv2\core\cuda\detail</Filter>
    </ClInclude>
    <ClInclude Include="include\opencv2\core\cuda\detail\transform_detail.hpp">
      <Filter>include\opencv2\core\cuda\detail</Filter>
    </ClInclude>
    <ClInclude Include="include\opencv2\core\cuda\detail\reduce_key_val.hpp">
      <Filter>include\opencv2\core\cuda\detail</Filter>
    </ClInclude>
    <ClInclude Include="include\opencv2\core\cuda\detail\reduce.hpp">
      <Filter>include\opencv2\core\cuda\detail</Filter>
    </ClInclude>
    <ClInclude Include="include\opencv2\core\cuda\detail\color_detail.hpp">
      <Filter>include\opencv2\core\cuda\detail</Filter>
    </ClInclude>
    <ClInclude Include="include\opencv2\core\cuda\datamov_utils.hpp">
      <Filter>include\opencv2\core\cuda</Filter>
    </ClInclude>
    <ClInclude Include="include\opencv2\core\cuda\common.hpp">
      <Filter>include\opencv2\core\cuda</Filter>
    </ClInclude>
    <ClInclude Include="include\opencv2\core\cuda\color.hpp">
      <Filter>include\opencv2\core\cuda</Filter>
    </ClInclude>
    <ClInclude Include="include\opencv2\core\cuda\border_interpolate.hpp">
      <Filter>include\opencv2\core\cuda</Filter>
    </ClInclude>
    <ClInclude Include="include\opencv2\core\cuda\block.hpp">
      <Filter>include\opencv2\core\cuda</Filter>
    </ClInclude>
    <ClInclude Include="include\opencv2\core\cuda.inl.hpp">
      <Filter>include\opencv2\core</Filter>
    </ClInclude>
    <ClInclude Include="include\opencv2\core\cuda.hpp">
      <Filter>include\opencv2\core</Filter>
    </ClInclude>
    <ClInclude Include="include\opencv2\core\core_c.h">
      <Filter>include\opencv2\core</Filter>
    </ClInclude>
    <ClInclude Include="include\opencv2\core\core.hpp">
      <Filter>include\opencv2\core</Filter>
    </ClInclude>
    <ClInclude Include="include\opencv2\core\bufferpool.hpp">
      <Filter>include\opencv2\core</Filter>
    </ClInclude>
    <ClInclude Include="include\opencv2\core\base.hpp">
      <Filter>include\opencv2\core</Filter>
    </ClInclude>
    <ClInclude Include="include\opencv2\core\affine.hpp">
      <Filter>include\opencv2\core</Filter>
    </ClInclude>
    <ClInclude Include="include\opencv2\core.hpp">
      <Filter>include\opencv2</Filter>
    </ClInclude>
    <ClInclude Include="include\opencv2\ccalib\randpattern.hpp">
      <Filter>include\opencv2\ccalib</Filter>
    </ClInclude>
    <ClInclude Include="include\opencv2\ccalib\omnidir.hpp">
      <Filter>include\opencv2\ccalib</Filter>
    </ClInclude>
    <ClInclude Include="include\opencv2\ccalib\multicalib.hpp">
      <Filter>include\opencv2\ccalib</Filter>
    </ClInclude>
    <ClInclude Include="include\opencv2\ccalib.hpp">
      <Filter>include\opencv2</Filter>
    </ClInclude>
    <ClInclude Include="include\opencv2\calib3d\calib3d_c.h">
      <Filter>include\opencv2\calib3d</Filter>
    </ClInclude>
    <ClInclude Include="include\opencv2\calib3d\calib3d.hpp">
      <Filter>include\opencv2\calib3d</Filter>
    </ClInclude>
    <ClInclude Include="include\opencv2\calib3d.hpp">
      <Filter>include\opencv2</Filter>
    </ClInclude>
    <ClInclude Include="include\opencv2\bioinspired\transientareassegmentationmodule.hpp">
      <Filter>include\opencv2\bioinspired</Filter>
    </ClInclude>
    <ClInclude Include="include\opencv2\bioinspired\retinafasttonemapping.hpp">
      <Filter>include\opencv2\bioinspired</Filter>
    </ClInclude>
    <ClInclude Include="include\opencv2\bioinspired\retina.hpp">
      <Filter>include\opencv2\bioinspired</Filter>
    </ClInclude>
    <ClInclude Include="include\opencv2\bioinspired\bioinspired.hpp">
      <Filter>include\opencv2\bioinspired</Filter>
    </ClInclude>
    <ClInclude Include="include\opencv2\bioinspired.hpp">
      <Filter>include\opencv2</Filter>
    </ClInclude>
    <ClInclude Include="include\opencv2\bgsegm.hpp">
      <Filter>include\opencv2</Filter>
    </ClInclude>
    <ClInclude Include="include\opencv2\aruco\dictionary.hpp">
      <Filter>include\opencv2\aruco</Filter>
    </ClInclude>
    <ClInclude Include="include\opencv2\aruco\charuco.hpp">
      <Filter>include\opencv2\aruco</Filter>
    </ClInclude>
    <ClInclude Include="include\opencv2\aruco.hpp">
      <Filter>include\opencv2</Filter>
    </ClInclude>
  </ItemGroup>
  <ItemGroup>
    <None Include="packages.config" />
  </ItemGroup>
</Project>